{"format_version":"1.2","terraform_version":"1.14.2","planned_values":{"root_module":{"resources":[{"address":"azurerm_firewall.demo","mode":"managed","type":"azurerm_firewall","name":"demo","provider_name":"registry.terraform.io/hashicorp/azurerm","schema_version":0,"values":{"dns_proxy_enabled":false,"dns_servers":[],"firewall_policy_id":"","id":"/subscriptions/4d0248ef-cc19-4416-a55f-eda9fc5c1696/resourceGroups/rg-firewall-demo/providers/Microsoft.Network/azureFirewalls/demo-firewall","ip_configuration":[{"name":"configuration","private_ip_address":"10.1.0.4","public_ip_address_id":"/subscriptions/4d0248ef-cc19-4416-a55f-eda9fc5c1696/resourceGroups/rg-firewall-demo/providers/Microsoft.Network/publicIPAddresses/pip-firewall","subnet_id":"/subscriptions/4d0248ef-cc19-4416-a55f-eda9fc5c1696/resourceGroups/rg-firewall-demo/providers/Microsoft.Network/virtualNetworks/vnet-demo/subnets/AzureFirewallSubnet"}],"location":"germanywestcentral","management_ip_configuration":[],"name":"demo-firewall","private_ip_ranges":[],"resource_group_name":"rg-firewall-demo","sku_name":"AZFW_VNet","sku_tier":"Standard","tags":{},"threat_intel_mode":"Alert","timeouts":null,"virtual_hub":[],"zones":[]},"sensitive_values":{"dns_servers":[],"ip_configuration":[{}],"management_ip_configuration":[],"private_ip_ranges":[],"tags":{},"virtual_hub":[],"zones":[]},"identity_schema_version":0,"identity":{"name":"demo-firewall","resource_group_name":"rg-firewall-demo","subscription_id":"4d0248ef-cc19-4416-a55f-eda9fc5c1696"}},{"address":"azurerm_firewall_network_rule_collection.network_rules","mode":"managed","type":"azurerm_firewall_network_rule_collection","name":"network_rules","provider_name":"registry.terraform.io/hashicorp/azurerm","schema_version":0,"values":{"action":"Allow","azure_firewall_name":"demo-firewall","id":"/subscriptions/4d0248ef-cc19-4416-a55f-eda9fc5c1696/resourceGroups/rg-firewall-demo/providers/Microsoft.Network/azureFirewalls/demo-firewall/networkRuleCollections/demo-network-rules","name":"demo-network-rules","priority":100,"resource_group_name":"rg-firewall-demo","rule":[{"description":"","destination_addresses":["0.0.0.0/0"],"destination_fqdns":[],"destination_ip_groups":[],"destination_ports":["443"],"name":"allow-https","protocols":["TCP"],"source_addresses":["10.1.0.0/24","10.1.1.0/24"],"source_ip_groups":[]},{"description":"","destination_addresses":["168.63.129.16"],"destination_fqdns":[],"destination_ip_groups":[],"destination_ports":["53"],"name":"allow-dns-udp","protocols":["UDP"],"source_addresses":["10.1.0.0/24"],"source_ip_groups":[]},{"description":"","destination_addresses":["168.63.129.16"],"destination_fqdns":[],"destination_ip_groups":[],"destination_ports":["53"],"name":"allow-dns-tcp","protocols":["TCP"],"source_addresses":["10.1.0.0/24"],"source_ip_groups":[]},{"description":"","destination_addresses":["0.0.0.0/0"],"destination_fqdns":[],"destination_ip_groups":[],"destination_ports":["123"],"name":"allow-ntp","protocols":["UDP"],"source_addresses":["10.1.0.0/24"],"source_ip_groups":[]},{"description":"","destination_addresses":["0.0.0.0/0"],"destination_fqdns":[],"destination_ip_groups":[],"destination_ports":["587"],"name":"allow-smtp-submission","protocols":["TCP"],"source_addresses":["10.1.0.0/24"],"source_ip_groups":[]},{"description":"","destination_addresses":["10.2.1.10"],"destination_fqdns":[],"destination_ip_groups":[],"destination_ports":["22"],"name":"allow-ssh-to-jumpbox","protocols":["TCP"],"source_addresses":["10.1.0.0/24"],"source_ip_groups":[]},{"description":"","destination_addresses":["10.2.1.11"],"destination_fqdns":[],"destination_ip_groups":[],"destination_ports":["3389"],"name":"allow-rdp-to-jumpbox","protocols":["TCP"],"source_addresses":["10.1.0.0/24"],"source_ip_groups":[]},{"description":"","destination_addresses":["10.2.2.20"],"destination_fqdns":[],"destination_ip_groups":[],"destination_ports":["1433"],"name":"allow-sql-to-shared-database","protocols":["TCP"],"source_addresses":["10.1.0.0/24"],"source_ip_groups":[]},{"description":"","destination_addresses":["10.2.2.30"],"destination_fqdns":[],"destination_ip_groups":[],"destination_ports":["6380"],"name":"allow-redis-to-cache","protocols":["TCP"],"source_addresses":["10.1.0.0/24"],"source_ip_groups":[]},{"description":"","destination_addresses":["10.2.3.10"],"destination_fqdns":[],"destination_ip_groups":[],"destination_ports":["514"],"name":"allow-syslog-to-logging","protocols":["UDP"],"source_addresses":["10.1.0.0/24"],"source_ip_groups":[]},{"description":"","destination_addresses":["203.0.113.10"],"destination_fqdns":[],"destination_ip_groups":[],"destination_ports":["3128"],"name":"allow-https-via-corporate-proxy","protocols":["TCP"],"source_addresses":["10.1.0.0/24"],"source_ip_groups":[]}],"timeouts":null},"sensitive_values":{"rule":[{"destination_addresses":[false],"destination_fqdns":[],"destination_ip_groups":[],"destination_ports":[false],"protocols":[false],"source_addresses":[false,false],"source_ip_groups":[]},{"destination_addresses":[false],"destination_fqdns":[],"destination_ip_groups":[],"destination_ports":[false],"protocols":[false],"source_addresses":[false],"source_ip_groups":[]},{"destination_addresses":[false],"destination_fqdns":[],"destination_ip_groups":[],"destination_ports":[false],"protocols":[false],"source_addresses":[false],"source_ip_groups":[]},{"destination_addresses":[false],"destination_fqdns":[],"destination_ip_groups":[],"destination_ports":[false],"protocols":[false],"source_addresses":[false],"source_ip_groups":[]},{"destination_addresses":[false],"destination_fqdns":[],"destination_ip_groups":[],"destination_ports":[false],"protocols":[false],"source_addresses":[false],"source_ip_groups":[]},{"destination_addresses":[false],"destination_fqdns":[],"destination_ip_groups":[],"destination_ports":[false],"protocols":[false],"source_addresses":[false],"source_ip_groups":[]},{"destination_addresses":[false],"destination_fqdns":[],"destination_ip_groups":[],"destination_ports":[false],"protocols":[false],"source_addresses":[false],"source_ip_groups":[]},{"destination_addresses":[false],"destination_fqdns":[],"destination_ip_groups":[],"destination_ports":[false],"protocols":[false],"source_addresses":[false],"source_ip_groups":[]},{"destination_addresses":[false],"destination_fqdns":[],"destination_ip_groups":[],"destination_ports":[false],"protocols":[false],"source_addresses":[false],"source_ip_groups":[]},{"destination_addresses":[false],"destination_fqdns":[],"destination_ip_groups":[],"destination_ports":[false],"protocols":[false],"source_addresses":[false],"source_ip_groups":[]},{"destination_addresses":[false],"destination_fqdns":[],"destination_ip_groups":[],"destination_ports":[false],"protocols":[false],"source_addresses":[false],"source_ip_groups":[]}]}},{"address":"azurerm_public_ip.firewall","mode":"managed","type":"azurerm_public_ip","name":"firewall","provider_name":"registry.terraform.io/hashicorp/azurerm","schema_version":0,"values":{"allocation_method":"Static","ddos_protection_mode":"VirtualNetworkInherited","ddos_protection_plan_id":null,"domain_name_label":null,"domain_name_label_scope":null,"edge_zone":"","fqdn":null,"id":"/subscriptions/4d0248ef-cc19-4416-a55f-eda9fc5c1696/resourceGroups/rg-firewall-demo/providers/Microsoft.Network/publicIPAddresses/pip-firewall","idle_timeout_in_minutes":4,"ip_address":"51.116.186.59","ip_tags":{},"ip_version":"IPv4","location":"germanywestcentral","name":"pip-firewall","public_ip_prefix_id":null,"resource_group_name":"rg-firewall-demo","reverse_fqdn":null,"sku":"Standard","sku_tier":"Regional","tags":{},"timeouts":null,"zones":[]},"sensitive_values":{"ip_tags":{},"tags":{},"zones":[]}},{"address":"azurerm_resource_group.demo","mode":"managed","type":"azurerm_resource_group","name":"demo","provider_name":"registry.terraform.io/hashicorp/azurerm","schema_version":0,"values":{"id":"/subscriptions/4d0248ef-cc19-4416-a55f-eda9fc5c1696/resourceGroups/rg-firewall-demo","location":"germanywestcentral","managed_by":"","name":"rg-firewall-demo","tags":{},"timeouts":null},"sensitive_values":{"tags":{}},"identity_schema_version":0,"identity":{"name":"rg-firewall-demo","subscription_id":"4d0248ef-cc19-4416-a55f-eda9fc5c1696"}},{"address":"azurerm_role_assignment.firewall_contributor_current","mode":"managed","type":"azurerm_role_assignment","name":"firewall_contributor_current","provider_name":"registry.terraform.io/hashicorp/azurerm","schema_version":0,"values":{"condition":null,"delegated_managed_identity_resource_id":null,"description":null,"principal_id":"9f01f5d0-acc0-4228-a444-1293bbf46f9a","role_definition_name":"Contributor","scope":"/subscriptions/4d0248ef-cc19-4416-a55f-eda9fc5c1696/resourceGroups/rg-firewall-demo/providers/Microsoft.Network/azureFirewalls/demo-firewall","timeouts":null},"sensitive_values":{}},{"address":"azurerm_subnet.firewall","mode":"managed","type":"azurerm_subnet","name":"firewall","provider_name":"registry.terraform.io/hashicorp/azurerm","schema_version":0,"values":{"address_prefixes":["10.1.0.0/24"],"default_outbound_access_enabled":true,"delegation":[],"id":"/subscriptions/4d0248ef-cc19-4416-a55f-eda9fc5c1696/resourceGroups/rg-firewall-demo/providers/Microsoft.Network/virtualNetworks/vnet-demo/subnets/AzureFirewallSubnet","ip_address_pool":[],"name":"AzureFirewallSubnet","private_endpoint_network_policies":"Disabled","private_link_service_network_policies_enabled":true,"resource_group_name":"rg-firewall-demo","service_endpoint_policy_ids":[],"service_endpoints":[],"sharing_scope":"","timeouts":null,"virtual_network_name":"vnet-demo"},"sensitive_values":{"address_prefixes":[false],"delegation":[],"ip_address_pool":[],"service_endpoint_policy_ids":[],"service_endpoints":[]},"identity_schema_version":0,"identity":{"name":"AzureFirewallSubnet","resource_group_name":"rg-firewall-demo","subscription_id":"4d0248ef-cc19-4416-a55f-eda9fc5c1696","virtual_network_name":"vnet-demo"}},{"address":"azurerm_virtual_network.demo","mode":"managed","type":"azurerm_virtual_network","name":"demo","provider_name":"registry.terraform.io/hashicorp/azurerm","schema_version":0,"values":{"address_space":["10.1.0.0/16"],"bgp_community":"","ddos_protection_plan":[],"dns_servers":[],"edge_zone":"","encryption":[],"flow_timeout_in_minutes":0,"guid":"cd90c0d1-88c2-4e2d-b916-47ebd45e5ac3","id":"/subscriptions/4d0248ef-cc19-4416-a55f-eda9fc5c1696/resourceGroups/rg-firewall-demo/providers/Microsoft.Network/virtualNetworks/vnet-demo","ip_address_pool":[],"location":"germanywestcentral","name":"vnet-demo","private_endpoint_vnet_policies":"Disabled","resource_group_name":"rg-firewall-demo","subnet":[{"address_prefixes":["10.1.0.0/24"],"default_outbound_access_enabled":true,"delegation":[],"id":"/subscriptions/4d0248ef-cc19-4416-a55f-eda9fc5c1696/resourceGroups/rg-firewall-demo/providers/Microsoft.Network/virtualNetworks/vnet-demo/subnets/AzureFirewallSubnet","name":"AzureFirewallSubnet","private_endpoint_network_policies":"Disabled","private_link_service_network_policies_enabled":true,"route_table_id":"","security_group":"","service_endpoint_policy_ids":[],"service_endpoints":[]}],"tags":{},"timeouts":null},"sensitive_values":{"address_space":[false],"ddos_protection_plan":[],"dns_servers":[],"encryption":[],"ip_address_pool":[],"subnet":[{"address_prefixes":[false],"delegation":[],"service_endpoint_policy_ids":[],"service_endpoints":[]}],"tags":{}},"identity_schema_version":0,"identity":{"name":"vnet-demo","resource_group_name":"rg-firewall-demo","subscription_id":"4d0248ef-cc19-4416-a55f-eda9fc5c1696"}}]}},"resource_drift":[{"address":"azurerm_firewall.demo","mode":"managed","type":"azurerm_firewall","name":"demo","provider_name":"registry.terraform.io/hashicorp/azurerm","change":{"actions":["update"],"before":{"dns_proxy_enabled":false,"dns_servers":null,"firewall_policy_id":"","id":"/subscriptions/4d0248ef-cc19-4416-a55f-eda9fc5c1696/resourceGroups/rg-firewall-demo/providers/Microsoft.Network/azureFirewalls/demo-firewall","ip_configuration":[{"name":"configuration","private_ip_address":"10.1.0.4","public_ip_address_id":"/subscriptions/4d0248ef-cc19-4416-a55f-eda9fc5c1696/resourceGroups/rg-firewall-demo/providers/Microsoft.Network/publicIPAddresses/pip-firewall","subnet_id":"/subscriptions/4d0248ef-cc19-4416-a55f-eda9fc5c1696/resourceGroups/rg-firewall-demo/providers/Microsoft.Network/virtualNetworks/vnet-demo/subnets/AzureFirewallSubnet"}],"location":"germanywestcentral","management_ip_configuration":[],"name":"demo-firewall","private_ip_ranges":null,"resource_group_name":"rg-firewall-demo","sku_name":"AZFW_VNet","sku_tier":"Standard","tags":null,"threat_intel_mode":"Alert","timeouts":null,"virtual_hub":[],"zones":null},"after":{"dns_proxy_enabled":false,"dns_servers":[],"firewall_policy_id":"","id":"/subscriptions/4d0248ef-cc19-4416-a55f-eda9fc5c1696/resourceGroups/rg-firewall-demo/providers/Microsoft.Network/azureFirewalls/demo-firewall","ip_configuration":[{"name":"configuration","private_ip_address":"10.1.0.4","public_ip_address_id":"/subscriptions/4d0248ef-cc19-4416-a55f-eda9fc5c1696/resourceGroups/rg-firewall-demo/providers/Microsoft.Network/publicIPAddresses/pip-firewall","subnet_id":"/subscriptions/4d0248ef-cc19-4416-a55f-eda9fc5c1696/resourceGroups/rg-firewall-demo/providers/Microsoft.Network/virtualNetworks/vnet-demo/subnets/AzureFirewallSubnet"}],"location":"germanywestcentral","management_ip_configuration":[],"name":"demo-firewall","private_ip_ranges":[],"resource_group_name":"rg-firewall-demo","sku_name":"AZFW_VNet","sku_tier":"Standard","tags":{},"threat_intel_mode":"Alert","timeouts":null,"virtual_hub":[],"zones":[]},"after_unknown":{},"before_sensitive":{"ip_configuration":[{}],"management_ip_configuration":[],"virtual_hub":[]},"after_sensitive":{"dns_servers":[],"ip_configuration":[{}],"management_ip_configuration":[],"private_ip_ranges":[],"tags":{},"virtual_hub":[],"zones":[]}}},{"address":"azurerm_firewall_network_rule_collection.network_rules","mode":"managed","type":"azurerm_firewall_network_rule_collection","name":"network_rules","provider_name":"registry.terraform.io/hashicorp/azurerm","change":{"actions":["update"],"before":{"action":"Allow","azure_firewall_name":"demo-firewall","id":"/subscriptions/4d0248ef-cc19-4416-a55f-eda9fc5c1696/resourceGroups/rg-firewall-demo/providers/Microsoft.Network/azureFirewalls/demo-firewall/networkRuleCollections/demo-network-rules","name":"demo-network-rules","priority":100,"resource_group_name":"rg-firewall-demo","rule":[{"description":"","destination_addresses":["0.0.0.0/0"],"destination_fqdns":null,"destination_ip_groups":null,"destination_ports":["80"],"name":"allow-http","protocols":["TCP"],"source_addresses":["10.1.0.0/24"],"source_ip_groups":null},{"description":"","destination_addresses":["0.0.0.0/0"],"destination_fqdns":null,"destination_ip_groups":null,"destination_ports":["443"],"name":"allow-https","protocols":["TCP"],"source_addresses":["10.1.0.0/24"],"source_ip_groups":null},{"description":"","destination_addresses":["168.63.129.16"],"destination_fqdns":null,"destination_ip_groups":null,"destination_ports":["53"],"name":"allow-dns-udp","protocols":["UDP"],"source_addresses":["10.1.0.0/24"],"source_ip_groups":null},{"description":"","destination_addresses":["168.63.129.16"],"destination_fqdns":null,"destination_ip_groups":null,"destination_ports":["53"],"name":"allow-dns-tcp","protocols":["TCP"],"source_addresses":["10.1.0.0/24"],"source_ip_groups":null},{"description":"","destination_addresses":["0.0.0.0/0"],"destination_fqdns":null,"destination_ip_groups":null,"destination_ports":["123"],"name":"allow-ntp","protocols":["UDP"],"source_addresses":["10.1.0.0/24"],"source_ip_groups":null},{"description":"","destination_addresses":["0.0.0.0/0"],"destination_fqdns":null,"destination_ip_groups":null,"destination_ports":["587"],"name":"allow-smtp-submission","protocols":["TCP"],"source_addresses":["10.1.0.0/24"],"source_ip_groups":null},{"description":"","destination_addresses":["10.2.1.10"],"destination_fqdns":null,"destination_ip_groups":null,"destination_ports":["22"],"name":"allow-ssh-to-jumpbox","protocols":["TCP"],"source_addresses":["10.1.0.0/24"],"source_ip_groups":null},{"description":"","destination_addresses":["10.2.1.11"],"destination_fqdns":null,"destination_ip_groups":null,"destination_ports":["3389"],"name":"allow-rdp-to-jumpbox","protocols":["TCP"],"source_addresses":["10.1.0.0/24"],"source_ip_groups":null},{"description":"","destination_addresses":["10.2.2.20"],"destination_fqdns":null,"destination_ip_groups":null,"destination_ports":["1433"],"name":"allow-sql-to-shared-database","protocols":["TCP"],"source_addresses":["10.1.0.0/24"],"source_ip_groups":null},{"description":"","destination_addresses":["10.2.2.30"],"destination_fqdns":null,"destination_ip_groups":null,"destination_ports":["6380"],"name":"allow-redis-to-cache","protocols":["TCP"],"source_addresses":["10.1.0.0/24"],"source_ip_groups":null},{"description":"","destination_addresses":["10.2.3.10"],"destination_fqdns":null,"destination_ip_groups":null,"destination_ports":["514"],"name":"allow-syslog-to-logging","protocols":["UDP"],"source_addresses":["10.1.0.0/24"],"source_ip_groups":null},{"description":"","destination_addresses":["203.0.113.10"],"destination_fqdns":null,"destination_ip_groups":null,"destination_ports":["3128"],"name":"allow-https-via-corporate-proxy","protocols":["TCP"],"source_addresses":["10.1.0.0/24"],"source_ip_groups":null}],"timeouts":null},"after":{"action":"Allow","azure_firewall_name":"demo-firewall","id":"/subscriptions/4d0248ef-cc19-4416-a55f-eda9fc5c1696/resourceGroups/rg-firewall-demo/providers/Microsoft.Network/azureFirewalls/demo-firewall/networkRuleCollections/demo-network-rules","name":"demo-network-rules","priority":100,"resource_group_name":"rg-firewall-demo","rule":[{"description":"","destination_addresses":["0.0.0.0/0"],"destination_fqdns":[],"destination_ip_groups":[],"destination_ports":["80"],"name":"allow-http","protocols":["TCP"],"source_addresses":["10.1.0.0/24"],"source_ip_groups":[]},{"description":"","destination_addresses":["0.0.0.0/0"],"destination_fqdns":[],"destination_ip_groups":[],"destination_ports":["443"],"name":"allow-https","protocols":["TCP"],"source_addresses":["10.1.0.0/24"],"source_ip_groups":[]},{"description":"","destination_addresses":["168.63.129.16"],"destination_fqdns":[],"destination_ip_groups":[],"destination_ports":["53"],"name":"allow-dns-udp","protocols":["UDP"],"source_addresses":["10.1.0.0/24"],"source_ip_groups":[]},{"description":"","destination_addresses":["168.63.129.16"],"destination_fqdns":[],"destination_ip_groups":[],"destination_ports":["53"],"name":"allow-dns-tcp","protocols":["TCP"],"source_addresses":["10.1.0.0/24"],"source_ip_groups":[]},{"description":"","destination_addresses":["0.0.0.0/0"],"destination_fqdns":[],"destination_ip_groups":[],"destination_ports":["123"],"name":"allow-ntp","protocols":["UDP"],"source_addresses":["10.1.0.0/24"],"source_ip_groups":[]},{"description":"","destination_addresses":["0.0.0.0/0"],"destination_fqdns":[],"destination_ip_groups":[],"destination_ports":["587"],"name":"allow-smtp-submission","protocols":["TCP"],"source_addresses":["10.1.0.0/24"],"source_ip_groups":[]},{"description":"","destination_addresses":["10.2.1.10"],"destination_fqdns":[],"destination_ip_groups":[],"destination_ports":["22"],"name":"allow-ssh-to-jumpbox","protocols":["TCP"],"source_addresses":["10.1.0.0/24"],"source_ip_groups":[]},{"description":"","destination_addresses":["10.2.1.11"],"destination_fqdns":[],"destination_ip_groups":[],"destination_ports":["3389"],"name":"allow-rdp-to-jumpbox","protocols":["TCP"],"source_addresses":["10.1.0.0/24"],"source_ip_groups":[]},{"description":"","destination_addresses":["10.2.2.20"],"destination_fqdns":[],"destination_ip_groups":[],"destination_ports":["1433"],"name":"allow-sql-to-shared-database","protocols":["TCP"],"source_addresses":["10.1.0.0/24"],"source_ip_groups":[]},{"description":"","destination_addresses":["10.2.2.30"],"destination_fqdns":[],"destination_ip_groups":[],"destination_ports":["6380"],"name":"allow-redis-to-cache","protocols":["TCP"],"source_addresses":["10.1.0.0/24"],"source_ip_groups":[]},{"description":"","destination_addresses":["10.2.3.10"],"destination_fqdns":[],"destination_ip_groups":[],"destination_ports":["514"],"name":"allow-syslog-to-logging","protocols":["UDP"],"source_addresses":["10.1.0.0/24"],"source_ip_groups":[]},{"description":"","destination_addresses":["203.0.113.10"],"destination_fqdns":[],"destination_ip_groups":[],"destination_ports":["3128"],"name":"allow-https-via-corporate-proxy","protocols":["TCP"],"source_addresses":["10.1.0.0/24"],"source_ip_groups":[]}],"timeouts":null},"after_unknown":{},"before_sensitive":{"rule":[{"destination_addresses":[false],"destination_ports":[false],"protocols":[false],"source_addresses":[false]},{"destination_addresses":[false],"destination_ports":[false],"protocols":[false],"source_addresses":[false]},{"destination_addresses":[false],"destination_ports":[false],"protocols":[false],"source_addresses":[false]},{"destination_addresses":[false],"destination_ports":[false],"protocols":[false],"source_addresses":[false]},{"destination_addresses":[false],"destination_ports":[false],"protocols":[false],"source_addresses":[false]},{"destination_addresses":[false],"destination_ports":[false],"protocols":[false],"source_addresses":[false]},{"destination_addresses":[false],"destination_ports":[false],"protocols":[false],"source_addresses":[false]},{"destination_addresses":[false],"destination_ports":[false],"protocols":[false],"source_addresses":[false]},{"destination_addresses":[false],"destination_ports":[false],"protocols":[false],"source_addresses":[false]},{"destination_addresses":[false],"destination_ports":[false],"protocols":[false],"source_addresses":[false]},{"destination_addresses":[false],"destination_ports":[false],"protocols":[false],"source_addresses":[false]},{"destination_addresses":[false],"destination_ports":[false],"protocols":[false],"source_addresses":[false]}]},"after_sensitive":{"rule":[{"destination_addresses":[false],"destination_fqdns":[],"destination_ip_groups":[],"destination_ports":[false],"protocols":[false],"source_addresses":[false],"source_ip_groups":[]},{"destination_addresses":[false],"destination_fqdns":[],"destination_ip_groups":[],"destination_ports":[false],"protocols":[false],"source_addresses":[false],"source_ip_groups":[]},{"destination_addresses":[false],"destination_fqdns":[],"destination_ip_groups":[],"destination_ports":[false],"protocols":[false],"source_addresses":[false],"source_ip_groups":[]},{"destination_addresses":[false],"destination_fqdns":[],"destination_ip_groups":[],"destination_ports":[false],"protocols":[false],"source_addresses":[false],"source_ip_groups":[]},{"destination_addresses":[false],"destination_fqdns":[],"destination_ip_groups":[],"destination_ports":[false],"protocols":[false],"source_addresses":[false],"source_ip_groups":[]},{"destination_addresses":[false],"destination_fqdns":[],"destination_ip_groups":[],"destination_ports":[false],"protocols":[false],"source_addresses":[false],"source_ip_groups":[]},{"destination_addresses":[false],"destination_fqdns":[],"destination_ip_groups":[],"destination_ports":[false],"protocols":[false],"source_addresses":[false],"source_ip_groups":[]},{"destination_addresses":[false],"destination_fqdns":[],"destination_ip_groups":[],"destination_ports":[false],"protocols":[false],"source_addresses":[false],"source_ip_groups":[]},{"destination_addresses":[false],"destination_fqdns":[],"destination_ip_groups":[],"destination_ports":[false],"protocols":[false],"source_addresses":[false],"source_ip_groups":[]},{"destination_addresses":[false],"destination_fqdns":[],"destination_ip_groups":[],"destination_ports":[false],"protocols":[false],"source_addresses":[false],"source_ip_groups":[]},{"destination_addresses":[false],"destination_fqdns":[],"destination_ip_groups":[],"destination_ports":[false],"protocols":[false],"source_addresses":[false],"source_ip_groups":[]},{"destination_addresses":[false],"destination_fqdns":[],"destination_ip_groups":[],"destination_ports":[false],"protocols":[false],"source_addresses":[false],"source_ip_groups":[]}]}}},{"address":"azurerm_public_ip.firewall","mode":"managed","type":"azurerm_public_ip","name":"firewall","provider_name":"registry.terraform.io/hashicorp/azurerm","change":{"actions":["update"],"before":{"allocation_method":"Static","ddos_protection_mode":"VirtualNetworkInherited","ddos_protection_plan_id":null,"domain_name_label":null,"domain_name_label_scope":null,"edge_zone":"","fqdn":null,"id":"/subscriptions/4d0248ef-cc19-4416-a55f-eda9fc5c1696/resourceGroups/rg-firewall-demo/providers/Microsoft.Network/publicIPAddresses/pip-firewall","idle_timeout_in_minutes":4,"ip_address":"51.116.186.59","ip_tags":null,"ip_version":"IPv4","location":"germanywestcentral","name":"pip-firewall","public_ip_prefix_id":null,"resource_group_name":"rg-firewall-demo","reverse_fqdn":null,"sku":"Standard","sku_tier":"Regional","tags":null,"timeouts":null,"zones":null},"after":{"allocation_method":"Static","ddos_protection_mode":"VirtualNetworkInherited","ddos_protection_plan_id":null,"domain_name_label":null,"domain_name_label_scope":null,"edge_zone":"","fqdn":null,"id":"/subscriptions/4d0248ef-cc19-4416-a55f-eda9fc5c1696/resourceGroups/rg-firewall-demo/providers/Microsoft.Network/publicIPAddresses/pip-firewall","idle_timeout_in_minutes":4,"ip_address":"51.116.186.59","ip_tags":{},"ip_version":"IPv4","location":"germanywestcentral","name":"pip-firewall","public_ip_prefix_id":null,"resource_group_name":"rg-firewall-demo","reverse_fqdn":null,"sku":"Standard","sku_tier":"Regional","tags":{},"timeouts":null,"zones":[]},"after_unknown":{},"before_sensitive":{},"after_sensitive":{"ip_tags":{},"tags":{},"zones":[]}}},{"address":"azurerm_resource_group.demo","mode":"managed","type":"azurerm_resource_group","name":"demo","provider_name":"registry.terraform.io/hashicorp/azurerm","change":{"actions":["update"],"before":{"id":"/subscriptions/4d0248ef-cc19-4416-a55f-eda9fc5c1696/resourceGroups/rg-firewall-demo","location":"germanywestcentral","managed_by":"","name":"rg-firewall-demo","tags":null,"timeouts":null},"after":{"id":"/subscriptions/4d0248ef-cc19-4416-a55f-eda9fc5c1696/resourceGroups/rg-firewall-demo","location":"germanywestcentral","managed_by":"","name":"rg-firewall-demo","tags":{},"timeouts":null},"after_unknown":{},"before_sensitive":{},"after_sensitive":{"tags":{}}}},{"address":"azurerm_subnet.firewall","mode":"managed","type":"azurerm_subnet","name":"firewall","provider_name":"registry.terraform.io/hashicorp/azurerm","change":{"actions":["update"],"before":{"address_prefixes":["10.1.0.0/24"],"default_outbound_access_enabled":true,"delegation":[],"id":"/subscriptions/4d0248ef-cc19-4416-a55f-eda9fc5c1696/resourceGroups/rg-firewall-demo/providers/Microsoft.Network/virtualNetworks/vnet-demo/subnets/AzureFirewallSubnet","ip_address_pool":[],"name":"AzureFirewallSubnet","private_endpoint_network_policies":"Disabled","private_link_service_network_policies_enabled":true,"resource_group_name":"rg-firewall-demo","service_endpoint_policy_ids":null,"service_endpoints":null,"sharing_scope":"","timeouts":null,"virtual_network_name":"vnet-demo"},"after":{"address_prefixes":["10.1.0.0/24"],"default_outbound_access_enabled":true,"delegation":[],"id":"/subscriptions/4d0248ef-cc19-4416-a55f-eda9fc5c1696/resourceGroups/rg-firewall-demo/providers/Microsoft.Network/virtualNetworks/vnet-demo/subnets/AzureFirewallSubnet","ip_address_pool":[],"name":"AzureFirewallSubnet","private_endpoint_network_policies":"Disabled","private_link_service_network_policies_enabled":true,"resource_group_name":"rg-firewall-demo","service_endpoint_policy_ids":[],"service_endpoints":[],"sharing_scope":"","timeouts":null,"virtual_network_name":"vnet-demo"},"after_unknown":{},"before_sensitive":{"address_prefixes":[false],"delegation":[],"ip_address_pool":[]},"after_sensitive":{"address_prefixes":[false],"delegation":[],"ip_address_pool":[],"service_endpoint_policy_ids":[],"service_endpoints":[]}}},{"address":"azurerm_virtual_network.demo","mode":"managed","type":"azurerm_virtual_network","name":"demo","provider_name":"registry.terraform.io/hashicorp/azurerm","change":{"actions":["update"],"before":{"address_space":["10.1.0.0/16"],"bgp_community":"","ddos_protection_plan":[],"dns_servers":[],"edge_zone":"","encryption":[],"flow_timeout_in_minutes":0,"guid":"cd90c0d1-88c2-4e2d-b916-47ebd45e5ac3","id":"/subscriptions/4d0248ef-cc19-4416-a55f-eda9fc5c1696/resourceGroups/rg-firewall-demo/providers/Microsoft.Network/virtualNetworks/vnet-demo","ip_address_pool":[],"location":"germanywestcentral","name":"vnet-demo","private_endpoint_vnet_policies":"Disabled","resource_group_name":"rg-firewall-demo","subnet":[],"tags":null,"timeouts":null},"after":{"address_space":["10.1.0.0/16"],"bgp_community":"","ddos_protection_plan":[],"dns_servers":[],"edge_zone":"","encryption":[],"flow_timeout_in_minutes":0,"guid":"cd90c0d1-88c2-4e2d-b916-47ebd45e5ac3","id":"/subscriptions/4d0248ef-cc19-4416-a55f-eda9fc5c1696/resourceGroups/rg-firewall-demo/providers/Microsoft.Network/virtualNetworks/vnet-demo","ip_address_pool":[],"location":"germanywestcentral","name":"vnet-demo","private_endpoint_vnet_policies":"Disabled","resource_group_name":"rg-firewall-demo","subnet":[{"address_prefixes":["10.1.0.0/24"],"default_outbound_access_enabled":true,"delegation":[],"id":"/subscriptions/4d0248ef-cc19-4416-a55f-eda9fc5c1696/resourceGroups/rg-firewall-demo/providers/Microsoft.Network/virtualNetworks/vnet-demo/subnets/AzureFirewallSubnet","name":"AzureFirewallSubnet","private_endpoint_network_policies":"Disabled","private_link_service_network_policies_enabled":true,"route_table_id":"","security_group":"","service_endpoint_policy_ids":[],"service_endpoints":[]}],"tags":{},"timeouts":null},"after_unknown":{},"before_sensitive":{"address_space":[false],"ddos_protection_plan":[],"dns_servers":[],"encryption":[],"ip_address_pool":[],"subnet":[]},"after_sensitive":{"address_space":[false],"ddos_protection_plan":[],"dns_servers":[],"encryption":[],"ip_address_pool":[],"subnet":[{"address_prefixes":[false],"delegation":[],"service_endpoint_policy_ids":[],"service_endpoints":[]}],"tags":{}}}}],"resource_changes":[{"address":"azurerm_firewall.demo","mode":"managed","type":"azurerm_firewall","name":"demo","provider_name":"registry.terraform.io/hashicorp/azurerm","change":{"actions":["no-op"],"before":{"dns_proxy_enabled":false,"dns_servers":[],"firewall_policy_id":"","id":"/subscriptions/4d0248ef-cc19-4416-a55f-eda9fc5c1696/resourceGroups/rg-firewall-demo/providers/Microsoft.Network/azureFirewalls/demo-firewall","ip_configuration":[{"name":"configuration","private_ip_address":"10.1.0.4","public_ip_address_id":"/subscriptions/4d0248ef-cc19-4416-a55f-eda9fc5c1696/resourceGroups/rg-firewall-demo/providers/Microsoft.Network/publicIPAddresses/pip-firewall","subnet_id":"/subscriptions/4d0248ef-cc19-4416-a55f-eda9fc5c1696/resourceGroups/rg-firewall-demo/providers/Microsoft.Network/virtualNetworks/vnet-demo/subnets/AzureFirewallSubnet"}],"location":"germanywestcentral","management_ip_configuration":[],"name":"demo-firewall","private_ip_ranges":[],"resource_group_name":"rg-firewall-demo","sku_name":"AZFW_VNet","sku_tier":"Standard","tags":{},"threat_intel_mode":"Alert","timeouts":null,"virtual_hub":[],"zones":[]},"after":{"dns_proxy_enabled":false,"dns_servers":[],"firewall_policy_id":"","id":"/subscriptions/4d0248ef-cc19-4416-a55f-eda9fc5c1696/resourceGroups/rg-firewall-demo/providers/Microsoft.Network/azureFirewalls/demo-firewall","ip_configuration":[{"name":"configuration","private_ip_address":"10.1.0.4","public_ip_address_id":"/subscriptions/4d0248ef-cc19-4416-a55f-eda9fc5c1696/resourceGroups/rg-firewall-demo/providers/Microsoft.Network/publicIPAddresses/pip-firewall","subnet_id":"/subscriptions/4d0248ef-cc19-4416-a55f-eda9fc5c1696/resourceGroups/rg-firewall-demo/providers/Microsoft.Network/virtualNetworks/vnet-demo/subnets/AzureFirewallSubnet"}],"location":"germanywestcentral","management_ip_configuration":[],"name":"demo-firewall","private_ip_ranges":[],"resource_group_name":"rg-firewall-demo","sku_name":"AZFW_VNet","sku_tier":"Standard","tags":{},"threat_intel_mode":"Alert","timeouts":null,"virtual_hub":[],"zones":[]},"after_unknown":{},"before_sensitive":{"dns_servers":[],"ip_configuration":[{}],"management_ip_configuration":[],"private_ip_ranges":[],"tags":{},"virtual_hub":[],"zones":[]},"after_sensitive":{"dns_servers":[],"ip_configuration":[{}],"management_ip_configuration":[],"private_ip_ranges":[],"tags":{},"virtual_hub":[],"zones":[]},"before_identity":{"name":"demo-firewall","resource_group_name":"rg-firewall-demo","subscription_id":"4d0248ef-cc19-4416-a55f-eda9fc5c1696"},"after_identity":{"name":"demo-firewall","resource_group_name":"rg-firewall-demo","subscription_id":"4d0248ef-cc19-4416-a55f-eda9fc5c1696"}}},{"address":"azurerm_firewall_network_rule_collection.network_rules","mode":"managed","type":"azurerm_firewall_network_rule_collection","name":"network_rules","provider_name":"registry.terraform.io/hashicorp/azurerm","change":{"actions":["update"],"before":{"action":"Allow","azure_firewall_name":"demo-firewall","id":"/subscriptions/4d0248ef-cc19-4416-a55f-eda9fc5c1696/resourceGroups/rg-firewall-demo/providers/Microsoft.Network/azureFirewalls/demo-firewall/networkRuleCollections/demo-network-rules","name":"demo-network-rules","priority":100,"resource_group_name":"rg-firewall-demo","rule":[{"description":"","destination_addresses":["0.0.0.0/0"],"destination_fqdns":[],"destination_ip_groups":[],"destination_ports":["80"],"name":"allow-http","protocols":["TCP"],"source_addresses":["10.1.0.0/24"],"source_ip_groups":[]},{"description":"","destination_addresses":["0.0.0.0/0"],"destination_fqdns":[],"destination_ip_groups":[],"destination_ports":["443"],"name":"allow-https","protocols":["TCP"],"source_addresses":["10.1.0.0/24"],"source_ip_groups":[]},{"description":"","destination_addresses":["168.63.129.16"],"destination_fqdns":[],"destination_ip_groups":[],"destination_ports":["53"],"name":"allow-dns-udp","protocols":["UDP"],"source_addresses":["10.1.0.0/24"],"source_ip_groups":[]},{"description":"","destination_addresses":["168.63.129.16"],"destination_fqdns":[],"destination_ip_groups":[],"destination_ports":["53"],"name":"allow-dns-tcp","protocols":["TCP"],"source_addresses":["10.1.0.0/24"],"source_ip_groups":[]},{"description":"","destination_addresses":["0.0.0.0/0"],"destination_fqdns":[],"destination_ip_groups":[],"destination_ports":["123"],"name":"allow-ntp","protocols":["UDP"],"source_addresses":["10.1.0.0/24"],"source_ip_groups":[]},{"description":"","destination_addresses":["0.0.0.0/0"],"destination_fqdns":[],"destination_ip_groups":[],"destination_ports":["587"],"name":"allow-smtp-submission","protocols":["TCP"],"source_addresses":["10.1.0.0/24"],"source_ip_groups":[]},{"description":"","destination_addresses":["10.2.1.10"],"destination_fqdns":[],"destination_ip_groups":[],"destination_ports":["22"],"name":"allow-ssh-to-jumpbox","protocols":["TCP"],"source_addresses":["10.1.0.0/24"],"source_ip_groups":[]},{"description":"","destination_addresses":["10.2.1.11"],"destination_fqdns":[],"destination_ip_groups":[],"destination_ports":["3389"],"name":"allow-rdp-to-jumpbox","protocols":["TCP"],"source_addresses":["10.1.0.0/24"],"source_ip_groups":[]},{"description":"","destination_addresses":["10.2.2.20"],"destination_fqdns":[],"destination_ip_groups":[],"destination_ports":["1433"],"name":"allow-sql-to-shared-database","protocols":["TCP"],"source_addresses":["10.1.0.0/24"],"source_ip_groups":[]},{"description":"","destination_addresses":["10.2.2.30"],"destination_fqdns":[],"destination_ip_groups":[],"destination_ports":["6380"],"name":"allow-redis-to-cache","protocols":["TCP"],"source_addresses":["10.1.0.0/24"],"source_ip_groups":[]},{"description":"","destination_addresses":["10.2.3.10"],"destination_fqdns":[],"destination_ip_groups":[],"destination_ports":["514"],"name":"allow-syslog-to-logging","protocols":["UDP"],"source_addresses":["10.1.0.0/24"],"source_ip_groups":[]},{"description":"","destination_addresses":["203.0.113.10"],"destination_fqdns":[],"destination_ip_groups":[],"destination_ports":["3128"],"name":"allow-https-via-corporate-proxy","protocols":["TCP"],"source_addresses":["10.1.0.0/24"],"source_ip_groups":[]}],"timeouts":null},"after":{"action":"Allow","azure_firewall_name":"demo-firewall","id":"/subscriptions/4d0248ef-cc19-4416-a55f-eda9fc5c1696/resourceGroups/rg-firewall-demo/providers/Microsoft.Network/azureFirewalls/demo-firewall/networkRuleCollections/demo-network-rules","name":"demo-network-rules","priority":100,"resource_group_name":"rg-firewall-demo","rule":[{"description":"","destination_addresses":["0.0.0.0/0"],"destination_fqdns":[],"destination_ip_groups":[],"destination_ports":["443"],"name":"allow-https","protocols":["TCP"],"source_addresses":["10.1.0.0/24","10.1.1.0/24"],"source_ip_groups":[]},{"description":"","destination_addresses":["168.63.129.16"],"destination_fqdns":[],"destination_ip_groups":[],"destination_ports":["53"],"name":"allow-dns-udp","protocols":["UDP"],"source_addresses":["10.1.0.0/24"],"source_ip_groups":[]},{"description":"","destination_addresses":["168.63.129.16"],"destination_fqdns":[],"destination_ip_groups":[],"destination_ports":["53"],"name":"allow-dns-tcp","protocols":["TCP"],"source_addresses":["10.1.0.0/24"],"source_ip_groups":[]},{"description":"","destination_addresses":["0.0.0.0/0"],"destination_fqdns":[],"destination_ip_groups":[],"destination_ports":["123"],"name":"allow-ntp","protocols":["UDP"],"source_addresses":["10.1.0.0/24"],"source_ip_groups":[]},{"description":"","destination_addresses":["0.0.0.0/0"],"destination_fqdns":[],"destination_ip_groups":[],"destination_ports":["587"],"name":"allow-smtp-submission","protocols":["TCP"],"source_addresses":["10.1.0.0/24"],"source_ip_groups":[]},{"description":"","destination_addresses":["10.2.1.10"],"destination_fqdns":[],"destination_ip_groups":[],"destination_ports":["22"],"name":"allow-ssh-to-jumpbox","protocols":["TCP"],"source_addresses":["10.1.0.0/24"],"source_ip_groups":[]},{"description":"","destination_addresses":["10.2.1.11"],"destination_fqdns":[],"destination_ip_groups":[],"destination_ports":["3389"],"name":"allow-rdp-to-jumpbox","protocols":["TCP"],"source_addresses":["10.1.0.0/24"],"source_ip_groups":[]},{"description":"","destination_addresses":["10.2.2.20"],"destination_fqdns":[],"destination_ip_groups":[],"destination_ports":["1433"],"name":"allow-sql-to-shared-database","protocols":["TCP"],"source_addresses":["10.1.0.0/24"],"source_ip_groups":[]},{"description":"","destination_addresses":["10.2.2.30"],"destination_fqdns":[],"destination_ip_groups":[],"destination_ports":["6380"],"name":"allow-redis-to-cache","protocols":["TCP"],"source_addresses":["10.1.0.0/24"],"source_ip_groups":[]},{"description":"","destination_addresses":["10.2.3.10"],"destination_fqdns":[],"destination_ip_groups":[],"destination_ports":["514"],"name":"allow-syslog-to-logging","protocols":["UDP"],"source_addresses":["10.1.0.0/24"],"source_ip_groups":[]},{"description":"","destination_addresses":["203.0.113.10"],"destination_fqdns":[],"destination_ip_groups":[],"destination_ports":["3128"],"name":"allow-https-via-corporate-proxy","protocols":["TCP"],"source_addresses":["10.1.0.0/24"],"source_ip_groups":[]}],"timeouts":null},"after_unknown":{},"before_sensitive":{"rule":[{"destination_addresses":[false],"destination_fqdns":[],"destination_ip_groups":[],"destination_ports":[false],"protocols":[false],"source_addresses":[false],"source_ip_groups":[]},{"destination_addresses":[false],"destination_fqdns":[],"destination_ip_groups":[],"destination_ports":[false],"protocols":[false],"source_addresses":[false],"source_ip_groups":[]},{"destination_addresses":[false],"destination_fqdns":[],"destination_ip_groups":[],"destination_ports":[false],"protocols":[false],"source_addresses":[false],"source_ip_groups":[]},{"destination_addresses":[false],"destination_fqdns":[],"destination_ip_groups":[],"destination_ports":[false],"protocols":[false],"source_addresses":[false],"source_ip_groups":[]},{"destination_addresses":[false],"destination_fqdns":[],"destination_ip_groups":[],"destination_ports":[false],"protocols":[false],"source_addresses":[false],"source_ip_groups":[]},{"destination_addresses":[false],"destination_fqdns":[],"destination_ip_groups":[],"destination_ports":[false],"protocols":[false],"source_addresses":[false],"source_ip_groups":[]},{"destination_addresses":[false],"destination_fqdns":[],"destination_ip_groups":[],"destination_ports":[false],"protocols":[false],"source_addresses":[false],"source_ip_groups":[]},{"destination_addresses":[false],"destination_fqdns":[],"destination_ip_groups":[],"destination_ports":[false],"protocols":[false],"source_addresses":[false],"source_ip_groups":[]},{"destination_addresses":[false],"destination_fqdns":[],"destination_ip_groups":[],"destination_ports":[false],"protocols":[false],"source_addresses":[false],"source_ip_groups":[]},{"destination_addresses":[false],"destination_fqdns":[],"destination_ip_groups":[],"destination_ports":[false],"protocols":[false],"source_addresses":[false],"source_ip_groups":[]},{"destination_addresses":[false],"destination_fqdns":[],"destination_ip_groups":[],"destination_ports":[false],"protocols":[false],"source_addresses":[false],"source_ip_groups":[]},{"destination_addresses":[false],"destination_fqdns":[],"destination_ip_groups":[],"destination_ports":[false],"protocols":[false],"source_addresses":[false],"source_ip_groups":[]}]},"after_sensitive":{"rule":[{"destination_addresses":[false],"destination_fqdns":[],"destination_ip_groups":[],"destination_ports":[false],"protocols":[false],"source_addresses":[false,false],"source_ip_groups":[]},{"destination_addresses":[false],"destination_fqdns":[],"destination_ip_groups":[],"destination_ports":[false],"protocols":[false],"source_addresses":[false],"source_ip_groups":[]},{"destination_addresses":[false],"destination_fqdns":[],"destination_ip_groups":[],"destination_ports":[false],"protocols":[false],"source_addresses":[false],"source_ip_groups":[]},{"destination_addresses":[false],"destination_fqdns":[],"destination_ip_groups":[],"destination_ports":[false],"protocols":[false],"source_addresses":[false],"source_ip_groups":[]},{"destination_addresses":[false],"destination_fqdns":[],"destination_ip_groups":[],"destination_ports":[false],"protocols":[false],"source_addresses":[false],"source_ip_groups":[]},{"destination_addresses":[false],"destination_fqdns":[],"destination_ip_groups":[],"destination_ports":[false],"protocols":[false],"source_addresses":[false],"source_ip_groups":[]},{"destination_addresses":[false],"destination_fqdns":[],"destination_ip_groups":[],"destination_ports":[false],"protocols":[false],"source_addresses":[false],"source_ip_groups":[]},{"destination_addresses":[false],"destination_fqdns":[],"destination_ip_groups":[],"destination_ports":[false],"protocols":[false],"source_addresses":[false],"source_ip_groups":[]},{"destination_addresses":[false],"destination_fqdns":[],"destination_ip_groups":[],"destination_ports":[false],"protocols":[false],"source_addresses":[false],"source_ip_groups":[]},{"destination_addresses":[false],"destination_fqdns":[],"destination_ip_groups":[],"destination_ports":[false],"protocols":[false],"source_addresses":[false],"source_ip_groups":[]},{"destination_addresses":[false],"destination_fqdns":[],"destination_ip_groups":[],"destination_ports":[false],"protocols":[false],"source_addresses":[false],"source_ip_groups":[]}]}}},{"address":"azurerm_public_ip.firewall","mode":"managed","type":"azurerm_public_ip","name":"firewall","provider_name":"registry.terraform.io/hashicorp/azurerm","change":{"actions":["no-op"],"before":{"allocation_method":"Static","ddos_protection_mode":"VirtualNetworkInherited","ddos_protection_plan_id":null,"domain_name_label":null,"domain_name_label_scope":null,"edge_zone":"","fqdn":null,"id":"/subscriptions/4d0248ef-cc19-4416-a55f-eda9fc5c1696/resourceGroups/rg-firewall-demo/providers/Microsoft.Network/publicIPAddresses/pip-firewall","idle_timeout_in_minutes":4,"ip_address":"51.116.186.59","ip_tags":{},"ip_version":"IPv4","location":"germanywestcentral","name":"pip-firewall","public_ip_prefix_id":null,"resource_group_name":"rg-firewall-demo","reverse_fqdn":null,"sku":"Standard","sku_tier":"Regional","tags":{},"timeouts":null,"zones":[]},"after":{"allocation_method":"Static","ddos_protection_mode":"VirtualNetworkInherited","ddos_protection_plan_id":null,"domain_name_label":null,"domain_name_label_scope":null,"edge_zone":"","fqdn":null,"id":"/subscriptions/4d0248ef-cc19-4416-a55f-eda9fc5c1696/resourceGroups/rg-firewall-demo/providers/Microsoft.Network/publicIPAddresses/pip-firewall","idle_timeout_in_minutes":4,"ip_address":"51.116.186.59","ip_tags":{},"ip_version":"IPv4","location":"germanywestcentral","name":"pip-firewall","public_ip_prefix_id":null,"resource_group_name":"rg-firewall-demo","reverse_fqdn":null,"sku":"Standard","sku_tier":"Regional","tags":{},"timeouts":null,"zones":[]},"after_unknown":{},"before_sensitive":{"ip_tags":{},"tags":{},"zones":[]},"after_sensitive":{"ip_tags":{},"tags":{},"zones":[]}}},{"address":"azurerm_resource_group.demo","mode":"managed","type":"azurerm_resource_group","name":"demo","provider_name":"registry.terraform.io/hashicorp/azurerm","change":{"actions":["no-op"],"before":{"id":"/subscriptions/4d0248ef-cc19-4416-a55f-eda9fc5c1696/resourceGroups/rg-firewall-demo","location":"germanywestcentral","managed_by":"","name":"rg-firewall-demo","tags":{},"timeouts":null},"after":{"id":"/subscriptions/4d0248ef-cc19-4416-a55f-eda9fc5c1696/resourceGroups/rg-firewall-demo","location":"germanywestcentral","managed_by":"","name":"rg-firewall-demo","tags":{},"timeouts":null},"after_unknown":{},"before_sensitive":{"tags":{}},"after_sensitive":{"tags":{}},"before_identity":{"name":"rg-firewall-demo","subscription_id":"4d0248ef-cc19-4416-a55f-eda9fc5c1696"},"after_identity":{"name":"rg-firewall-demo","subscription_id":"4d0248ef-cc19-4416-a55f-eda9fc5c1696"}}},{"address":"azurerm_role_assignment.firewall_contributor_current","mode":"managed","type":"azurerm_role_assignment","name":"firewall_contributor_current","provider_name":"registry.terraform.io/hashicorp/azurerm","change":{"actions":["create"],"before":null,"after":{"condition":null,"delegated_managed_identity_resource_id":null,"description":null,"principal_id":"9f01f5d0-acc0-4228-a444-1293bbf46f9a","role_definition_name":"Contributor","scope":"/subscriptions/4d0248ef-cc19-4416-a55f-eda9fc5c1696/resourceGroups/rg-firewall-demo/providers/Microsoft.Network/azureFirewalls/demo-firewall","timeouts":null},"after_unknown":{"condition_version":true,"id":true,"name":true,"principal_type":true,"role_definition_id":true,"skip_service_principal_aad_check":true},"before_sensitive":false,"after_sensitive":{}}},{"address":"azurerm_subnet.firewall","mode":"managed","type":"azurerm_subnet","name":"firewall","provider_name":"registry.terraform.io/hashicorp/azurerm","change":{"actions":["no-op"],"before":{"address_prefixes":["10.1.0.0/24"],"default_outbound_access_enabled":true,"delegation":[],"id":"/subscriptions/4d0248ef-cc19-4416-a55f-eda9fc5c1696/resourceGroups/rg-firewall-demo/providers/Microsoft.Network/virtualNetworks/vnet-demo/subnets/AzureFirewallSubnet","ip_address_pool":[],"name":"AzureFirewallSubnet","private_endpoint_network_policies":"Disabled","private_link_service_network_policies_enabled":true,"resource_group_name":"rg-firewall-demo","service_endpoint_policy_ids":[],"service_endpoints":[],"sharing_scope":"","timeouts":null,"virtual_network_name":"vnet-demo"},"after":{"address_prefixes":["10.1.0.0/24"],"default_outbound_access_enabled":true,"delegation":[],"id":"/subscriptions/4d0248ef-cc19-4416-a55f-eda9fc5c1696/resourceGroups/rg-firewall-demo/providers/Microsoft.Network/virtualNetworks/vnet-demo/subnets/AzureFirewallSubnet","ip_address_pool":[],"name":"AzureFirewallSubnet","private_endpoint_network_policies":"Disabled","private_link_service_network_policies_enabled":true,"resource_group_name":"rg-firewall-demo","service_endpoint_policy_ids":[],"service_endpoints":[],"sharing_scope":"","timeouts":null,"virtual_network_name":"vnet-demo"},"after_unknown":{},"before_sensitive":{"address_prefixes":[false],"delegation":[],"ip_address_pool":[],"service_endpoint_policy_ids":[],"service_endpoints":[]},"after_sensitive":{"address_prefixes":[false],"delegation":[],"ip_address_pool":[],"service_endpoint_policy_ids":[],"service_endpoints":[]},"before_identity":{"name":"AzureFirewallSubnet","resource_group_name":"rg-firewall-demo","subscription_id":"4d0248ef-cc19-4416-a55f-eda9fc5c1696","virtual_network_name":"vnet-demo"},"after_identity":{"name":"AzureFirewallSubnet","resource_group_name":"rg-firewall-demo","subscription_id":"4d0248ef-cc19-4416-a55f-eda9fc5c1696","virtual_network_name":"vnet-demo"}}},{"address":"azurerm_virtual_network.demo","mode":"managed","type":"azurerm_virtual_network","name":"demo","provider_name":"registry.terraform.io/hashicorp/azurerm","change":{"actions":["no-op"],"before":{"address_space":["10.1.0.0/16"],"bgp_community":"","ddos_protection_plan":[],"dns_servers":[],"edge_zone":"","encryption":[],"flow_timeout_in_minutes":0,"guid":"cd90c0d1-88c2-4e2d-b916-47ebd45e5ac3","id":"/subscriptions/4d0248ef-cc19-4416-a55f-eda9fc5c1696/resourceGroups/rg-firewall-demo/providers/Microsoft.Network/virtualNetworks/vnet-demo","ip_address_pool":[],"location":"germanywestcentral","name":"vnet-demo","private_endpoint_vnet_policies":"Disabled","resource_group_name":"rg-firewall-demo","subnet":[{"address_prefixes":["10.1.0.0/24"],"default_outbound_access_enabled":true,"delegation":[],"id":"/subscriptions/4d0248ef-cc19-4416-a55f-eda9fc5c1696/resourceGroups/rg-firewall-demo/providers/Microsoft.Network/virtualNetworks/vnet-demo/subnets/AzureFirewallSubnet","name":"AzureFirewallSubnet","private_endpoint_network_policies":"Disabled","private_link_service_network_policies_enabled":true,"route_table_id":"","security_group":"","service_endpoint_policy_ids":[],"service_endpoints":[]}],"tags":{},"timeouts":null},"after":{"address_space":["10.1.0.0/16"],"bgp_community":"","ddos_protection_plan":[],"dns_servers":[],"edge_zone":"","encryption":[],"flow_timeout_in_minutes":0,"guid":"cd90c0d1-88c2-4e2d-b916-47ebd45e5ac3","id":"/subscriptions/4d0248ef-cc19-4416-a55f-eda9fc5c1696/resourceGroups/rg-firewall-demo/providers/Microsoft.Network/virtualNetworks/vnet-demo","ip_address_pool":[],"location":"germanywestcentral","name":"vnet-demo","private_endpoint_vnet_policies":"Disabled","resource_group_name":"rg-firewall-demo","subnet":[{"address_prefixes":["10.1.0.0/24"],"default_outbound_access_enabled":true,"delegation":[],"id":"/subscriptions/4d0248ef-cc19-4416-a55f-eda9fc5c1696/resourceGroups/rg-firewall-demo/providers/Microsoft.Network/virtualNetworks/vnet-demo/subnets/AzureFirewallSubnet","name":"AzureFirewallSubnet","private_endpoint_network_policies":"Disabled","private_link_service_network_policies_enabled":true,"route_table_id":"","security_group":"","service_endpoint_policy_ids":[],"service_endpoints":[]}],"tags":{},"timeouts":null},"after_unknown":{},"before_sensitive":{"address_space":[false],"ddos_protection_plan":[],"dns_servers":[],"encryption":[],"ip_address_pool":[],"subnet":[{"address_prefixes":[false],"delegation":[],"service_endpoint_policy_ids":[],"service_endpoints":[]}],"tags":{}},"after_sensitive":{"address_space":[false],"ddos_protection_plan":[],"dns_servers":[],"encryption":[],"ip_address_pool":[],"subnet":[{"address_prefixes":[false],"delegation":[],"service_endpoint_policy_ids":[],"service_endpoints":[]}],"tags":{}},"before_identity":{"name":"vnet-demo","resource_group_name":"rg-firewall-demo","subscription_id":"4d0248ef-cc19-4416-a55f-eda9fc5c1696"},"after_identity":{"name":"vnet-demo","resource_group_name":"rg-firewall-demo","subscription_id":"4d0248ef-cc19-4416-a55f-eda9fc5c1696"}}}],"prior_state":{"format_version":"1.0","terraform_version":"1.14.2","values":{"root_module":{"resources":[{"address":"data.azurerm_client_config.current","mode":"data","type":"azurerm_client_config","name":"current","provider_name":"registry.terraform.io/hashicorp/azurerm","schema_version":0,"values":{"client_id":"04b07795-8ddb-461a-bbee-02f9e1bf7b46","id":"Y2xpZW50Q29uZmlncy9jbGllbnRJZD0wNGIwNzc5NS04ZGRiLTQ2MWEtYmJlZS0wMmY5ZTFiZjdiNDY7b2JqZWN0SWQ9MDkyZTAyOTMtNGU5MS00NTQ4LWFlODEtZmI2OTEwMWIwNzlhO3N1YnNjcmlwdGlvbklkPWVlOTcyMzIxLTIxNjctNGM4NC04MGE5LTQyYWRhMDM1OGFlZjt0ZW5hbnRJZD1mZWZjZjk0Ny1iNGJkLTQ3YTUtYTdkNS0yMDM2MDUyMWE1YWM=","object_id":"9f01f5d0-acc0-4228-a444-1293bbf46f9a","subscription_id":"4d0248ef-cc19-4416-a55f-eda9fc5c1696","tenant_id":"fefcf947-b4bd-47a5-a7d5-20360521a5ac","timeouts":null},"sensitive_values":{}},{"address":"azurerm_firewall.demo","mode":"managed","type":"azurerm_firewall","name":"demo","provider_name":"registry.terraform.io/hashicorp/azurerm","schema_version":0,"values":{"dns_proxy_enabled":false,"dns_servers":[],"firewall_policy_id":"","id":"/subscriptions/4d0248ef-cc19-4416-a55f-eda9fc5c1696/resourceGroups/rg-firewall-demo/providers/Microsoft.Network/azureFirewalls/demo-firewall","ip_configuration":[{"name":"configuration","private_ip_address":"10.1.0.4","public_ip_address_id":"/subscriptions/4d0248ef-cc19-4416-a55f-eda9fc5c1696/resourceGroups/rg-firewall-demo/providers/Microsoft.Network/publicIPAddresses/pip-firewall","subnet_id":"/subscriptions/4d0248ef-cc19-4416-a55f-eda9fc5c1696/resourceGroups/rg-firewall-demo/providers/Microsoft.Network/virtualNetworks/vnet-demo/subnets/AzureFirewallSubnet"}],"location":"germanywestcentral","management_ip_configuration":[],"name":"demo-firewall","private_ip_ranges":[],"resource_group_name":"rg-firewall-demo","sku_name":"AZFW_VNet","sku_tier":"Standard","tags":{},"threat_intel_mode":"Alert","timeouts":null,"virtual_hub":[],"zones":[]},"sensitive_values":{"dns_servers":[],"ip_configuration":[{}],"management_ip_configuration":[],"private_ip_ranges":[],"tags":{},"virtual_hub":[],"zones":[]},"depends_on":["azurerm_public_ip.firewall","azurerm_resource_group.demo","azurerm_subnet.firewall","azurerm_virtual_network.demo"],"identity_schema_version":0,"identity":{"name":"demo-firewall","resource_group_name":"rg-firewall-demo","subscription_id":"4d0248ef-cc19-4416-a55f-eda9fc5c1696"}},{"address":"azurerm_firewall_network_rule_collection.network_rules","mode":"managed","type":"azurerm_firewall_network_rule_collection","name":"network_rules","provider_name":"registry.terraform.io/hashicorp/azurerm","schema_version":0,"values":{"action":"Allow","azure_firewall_name":"demo-firewall","id":"/subscriptions/4d0248ef-cc19-4416-a55f-eda9fc5c1696/resourceGroups/rg-firewall-demo/providers/Microsoft.Network/azureFirewalls/demo-firewall/networkRuleCollections/demo-network-rules","name":"demo-network-rules","priority":100,"resource_group_name":"rg-firewall-demo","rule":[{"description":"","destination_addresses":["0.0.0.0/0"],"destination_fqdns":[],"destination_ip_groups":[],"destination_ports":["80"],"name":"allow-http","protocols":["TCP"],"source_addresses":["10.1.0.0/24"],"source_ip_groups":[]},{"description":"","destination_addresses":["0.0.0.0/0"],"destination_fqdns":[],"destination_ip_groups":[],"destination_ports":["443"],"name":"allow-https","protocols":["TCP"],"source_addresses":["10.1.0.0/24"],"source_ip_groups":[]},{"description":"","destination_addresses":["168.63.129.16"],"destination_fqdns":[],"destination_ip_groups":[],"destination_ports":["53"],"name":"allow-dns-udp","protocols":["UDP"],"source_addresses":["10.1.0.0/24"],"source_ip_groups":[]},{"description":"","destination_addresses":["168.63.129.16"],"destination_fqdns":[],"destination_ip_groups":[],"destination_ports":["53"],"name":"allow-dns-tcp","protocols":["TCP"],"source_addresses":["10.1.0.0/24"],"source_ip_groups":[]},{"description":"","destination_addresses":["0.0.0.0/0"],"destination_fqdns":[],"destination_ip_groups":[],"destination_ports":["123"],"name":"allow-ntp","protocols":["UDP"],"source_addresses":["10.1.0.0/24"],"source_ip_groups":[]},{"description":"","destination_addresses":["0.0.0.0/0"],"destination_fqdns":[],"destination_ip_groups":[],"destination_ports":["587"],"name":"allow-smtp-submission","protocols":["TCP"],"source_addresses":["10.1.0.0/24"],"source_ip_groups":[]},{"description":"","destination_addresses":["10.2.1.10"],"destination_fqdns":[],"destination_ip_groups":[],"destination_ports":["22"],"name":"allow-ssh-to-jumpbox","protocols":["TCP"],"source_addresses":["10.1.0.0/24"],"source_ip_groups":[]},{"description":"","destination_addresses":["10.2.1.11"],"destination_fqdns":[],"destination_ip_groups":[],"destination_ports":["3389"],"name":"allow-rdp-to-jumpbox","protocols":["TCP"],"source_addresses":["10.1.0.0/24"],"source_ip_groups":[]},{"description":"","destination_addresses":["10.2.2.20"],"destination_fqdns":[],"destination_ip_groups":[],"destination_ports":["1433"],"name":"allow-sql-to-shared-database","protocols":["TCP"],"source_addresses":["10.1.0.0/24"],"source_ip_groups":[]},{"description":"","destination_addresses":["10.2.2.30"],"destination_fqdns":[],"destination_ip_groups":[],"destination_ports":["6380"],"name":"allow-redis-to-cache","protocols":["TCP"],"source_addresses":["10.1.0.0/24"],"source_ip_groups":[]},{"description":"","destination_addresses":["10.2.3.10"],"destination_fqdns":[],"destination_ip_groups":[],"destination_ports":["514"],"name":"allow-syslog-to-logging","protocols":["UDP"],"source_addresses":["10.1.0.0/24"],"source_ip_groups":[]},{"description":"","destination_addresses":["203.0.113.10"],"destination_fqdns":[],"destination_ip_groups":[],"destination_ports":["3128"],"name":"allow-https-via-corporate-proxy","protocols":["TCP"],"source_addresses":["10.1.0.0/24"],"source_ip_groups":[]}],"timeouts":null},"sensitive_values":{"rule":[{"destination_addresses":[false],"destination_fqdns":[],"destination_ip_groups":[],"destination_ports":[false],"protocols":[false],"source_addresses":[false],"source_ip_groups":[]},{"destination_addresses":[false],"destination_fqdns":[],"destination_ip_groups":[],"destination_ports":[false],"protocols":[false],"source_addresses":[false],"source_ip_groups":[]},{"destination_addresses":[false],"destination_fqdns":[],"destination_ip_groups":[],"destination_ports":[false],"protocols":[false],"source_addresses":[false],"source_ip_groups":[]},{"destination_addresses":[false],"destination_fqdns":[],"destination_ip_groups":[],"destination_ports":[false],"protocols":[false],"source_addresses":[false],"source_ip_groups":[]},{"destination_addresses":[false],"destination_fqdns":[],"destination_ip_groups":[],"destination_ports":[false],"protocols":[false],"source_addresses":[false],"source_ip_groups":[]},{"destination_addresses":[false],"destination_fqdns":[],"destination_ip_groups":[],"destination_ports":[false],"protocols":[false],"source_addresses":[false],"source_ip_groups":[]},{"destination_addresses":[false],"destination_fqdns":[],"destination_ip_groups":[],"destination_ports":[false],"protocols":[false],"source_addresses":[false],"source_ip_groups":[]},{"destination_addresses":[false],"destination_fqdns":[],"destination_ip_groups":[],"destination_ports":[false],"protocols":[false],"source_addresses":[false],"source_ip_groups":[]},{"destination_addresses":[false],"destination_fqdns":[],"destination_ip_groups":[],"destination_ports":[false],"protocols":[false],"source_addresses":[false],"source_ip_groups":[]},{"destination_addresses":[false],"destination_fqdns":[],"destination_ip_groups":[],"destination_ports":[false],"protocols":[false],"source_addresses":[false],"source_ip_groups":[]},{"destination_addresses":[false],"destination_fqdns":[],"destination_ip_groups":[],"destination_ports":[false],"protocols":[false],"source_addresses":[false],"source_ip_groups":[]},{"destination_addresses":[false],"destination_fqdns":[],"destination_ip_groups":[],"destination_ports":[false],"protocols":[false],"source_addresses":[false],"source_ip_groups":[]}]},"depends_on":["azurerm_firewall.demo","azurerm_public_ip.firewall","azurerm_resource_group.demo","azurerm_subnet.firewall","azurerm_virtual_network.demo"]},{"address":"azurerm_public_ip.firewall","mode":"managed","type":"azurerm_public_ip","name":"firewall","provider_name":"registry.terraform.io/hashicorp/azurerm","schema_version":0,"values":{"allocation_method":"Static","ddos_protection_mode":"VirtualNetworkInherited","ddos_protection_plan_id":null,"domain_name_label":null,"domain_name_label_scope":null,"edge_zone":"","fqdn":null,"id":"/subscriptions/4d0248ef-cc19-4416-a55f-eda9fc5c1696/resourceGroups/rg-firewall-demo/providers/Microsoft.Network/publicIPAddresses/pip-firewall","idle_timeout_in_minutes":4,"ip_address":"51.116.186.59","ip_tags":{},"ip_version":"IPv4","location":"germanywestcentral","name":"pip-firewall","public_ip_prefix_id":null,"resource_group_name":"rg-firewall-demo","reverse_fqdn":null,"sku":"Standard","sku_tier":"Regional","tags":{},"timeouts":null,"zones":[]},"sensitive_values":{"ip_tags":{},"tags":{},"zones":[]},"depends_on":["azurerm_resource_group.demo"]},{"address":"azurerm_resource_group.demo","mode":"managed","type":"azurerm_resource_group","name":"demo","provider_name":"registry.terraform.io/hashicorp/azurerm","schema_version":0,"values":{"id":"/subscriptions/4d0248ef-cc19-4416-a55f-eda9fc5c1696/resourceGroups/rg-firewall-demo","location":"germanywestcentral","managed_by":"","name":"rg-firewall-demo","tags":{},"timeouts":null},"sensitive_values":{"tags":{}},"identity_schema_version":0,"identity":{"name":"rg-firewall-demo","subscription_id":"4d0248ef-cc19-4416-a55f-eda9fc5c1696"}},{"address":"azurerm_subnet.firewall","mode":"managed","type":"azurerm_subnet","name":"firewall","provider_name":"registry.terraform.io/hashicorp/azurerm","schema_version":0,"values":{"address_prefixes":["10.1.0.0/24"],"default_outbound_access_enabled":true,"delegation":[],"id":"/subscriptions/4d0248ef-cc19-4416-a55f-eda9fc5c1696/resourceGroups/rg-firewall-demo/providers/Microsoft.Network/virtualNetworks/vnet-demo/subnets/AzureFirewallSubnet","ip_address_pool":[],"name":"AzureFirewallSubnet","private_endpoint_network_policies":"Disabled","private_link_service_network_policies_enabled":true,"resource_group_name":"rg-firewall-demo","service_endpoint_policy_ids":[],"service_endpoints":[],"sharing_scope":"","timeouts":null,"virtual_network_name":"vnet-demo"},"sensitive_values":{"address_prefixes":[false],"delegation":[],"ip_address_pool":[],"service_endpoint_policy_ids":[],"service_endpoints":[]},"depends_on":["azurerm_resource_group.demo","azurerm_virtual_network.demo"],"identity_schema_version":0,"identity":{"name":"AzureFirewallSubnet","resource_group_name":"rg-firewall-demo","subscription_id":"4d0248ef-cc19-4416-a55f-eda9fc5c1696","virtual_network_name":"vnet-demo"}},{"address":"azurerm_virtual_network.demo","mode":"managed","type":"azurerm_virtual_network","name":"demo","provider_name":"registry.terraform.io/hashicorp/azurerm","schema_version":0,"values":{"address_space":["10.1.0.0/16"],"bgp_community":"","ddos_protection_plan":[],"dns_servers":[],"edge_zone":"","encryption":[],"flow_timeout_in_minutes":0,"guid":"cd90c0d1-88c2-4e2d-b916-47ebd45e5ac3","id":"/subscriptions/4d0248ef-cc19-4416-a55f-eda9fc5c1696/resourceGroups/rg-firewall-demo/providers/Microsoft.Network/virtualNetworks/vnet-demo","ip_address_pool":[],"location":"germanywestcentral","name":"vnet-demo","private_endpoint_vnet_policies":"Disabled","resource_group_name":"rg-firewall-demo","subnet":[{"address_prefixes":["10.1.0.0/24"],"default_outbound_access_enabled":true,"delegation":[],"id":"/subscriptions/4d0248ef-cc19-4416-a55f-eda9fc5c1696/resourceGroups/rg-firewall-demo/providers/Microsoft.Network/virtualNetworks/vnet-demo/subnets/AzureFirewallSubnet","name":"AzureFirewallSubnet","private_endpoint_network_policies":"Disabled","private_link_service_network_policies_enabled":true,"route_table_id":"","security_group":"","service_endpoint_policy_ids":[],"service_endpoints":[]}],"tags":{},"timeouts":null},"sensitive_values":{"address_space":[false],"ddos_protection_plan":[],"dns_servers":[],"encryption":[],"ip_address_pool":[],"subnet":[{"address_prefixes":[false],"delegation":[],"service_endpoint_policy_ids":[],"service_endpoints":[]}],"tags":{}},"depends_on":["azurerm_resource_group.demo"],"identity_schema_version":0,"identity":{"name":"vnet-demo","resource_group_name":"rg-firewall-demo","subscription_id":"4d0248ef-cc19-4416-a55f-eda9fc5c1696"}}]}}},"configuration":{"provider_config":{"azurerm":{"name":"azurerm","full_name":"registry.terraform.io/hashicorp/azurerm","version_constraint":"~\u003e 4.0","expressions":{"features":[{}],"subscription_id":{"constant_value":"4d0248ef-cc19-4416-a55f-eda9fc5c1696"}}}},"root_module":{"resources":[{"address":"azurerm_firewall.demo","mode":"managed","type":"azurerm_firewall","name":"demo","provider_config_key":"azurerm","expressions":{"ip_configuration":[{"name":{"constant_value":"configuration"},"public_ip_address_id":{"references":["azurerm_public_ip.firewall.id","azurerm_public_ip.firewall"]},"subnet_id":{"references":["azurerm_subnet.firewall.id","azurerm_subnet.firewall"]}}],"location":{"references":["azurerm_resource_group.demo.location","azurerm_resource_group.demo"]},"name":{"constant_value":"demo-firewall"},"resource_group_name":{"references":["azurerm_resource_group.demo.name","azurerm_resource_group.demo"]},"sku_name":{"constant_value":"AZFW_VNet"},"sku_tier":{"constant_value":"Standard"}},"schema_version":0},{"address":"azurerm_firewall_network_rule_collection.network_rules","mode":"managed","type":"azurerm_firewall_network_rule_collection","name":"network_rules","provider_config_key":"azurerm","expressions":{"action":{"constant_value":"Allow"},"azure_firewall_name":{"references":["azurerm_firewall.demo.name","azurerm_firewall.demo"]},"name":{"constant_value":"demo-network-rules"},"priority":{"constant_value":100},"resource_group_name":{"references":["azurerm_resource_group.demo.name","azurerm_resource_group.demo"]},"rule":[{"destination_addresses":{"constant_value":["0.0.0.0/0"]},"destination_ports":{"constant_value":["443"]},"name":{"constant_value":"allow-https"},"protocols":{"constant_value":["TCP"]},"source_addresses":{"constant_value":["10.1.0.0/24","10.1.1.0/24"]}},{"destination_addresses":{"constant_value":["168.63.129.16"]},"destination_ports":{"constant_value":["53"]},"name":{"constant_value":"allow-dns-udp"},"protocols":{"constant_value":["UDP"]},"source_addresses":{"constant_value":["10.1.0.0/24"]}},{"destination_addresses":{"constant_value":["168.63.129.16"]},"destination_ports":{"constant_value":["53"]},"name":{"constant_value":"allow-dns-tcp"},"protocols":{"constant_value":["TCP"]},"source_addresses":{"constant_value":["10.1.0.0/24"]}},{"destination_addresses":{"constant_value":["0.0.0.0/0"]},"destination_ports":{"constant_value":["123"]},"name":{"constant_value":"allow-ntp"},"protocols":{"constant_value":["UDP"]},"source_addresses":{"constant_value":["10.1.0.0/24"]}},{"destination_addresses":{"constant_value":["0.0.0.0/0"]},"destination_ports":{"constant_value":["587"]},"name":{"constant_value":"allow-smtp-submission"},"protocols":{"constant_value":["TCP"]},"source_addresses":{"constant_value":["10.1.0.0/24"]}},{"destination_addresses":{"constant_value":["10.2.1.10"]},"destination_ports":{"constant_value":["22"]},"name":{"constant_value":"allow-ssh-to-jumpbox"},"protocols":{"constant_value":["TCP"]},"source_addresses":{"constant_value":["10.1.0.0/24"]}},{"destination_addresses":{"constant_value":["10.2.1.11"]},"destination_ports":{"constant_value":["3389"]},"name":{"constant_value":"allow-rdp-to-jumpbox"},"protocols":{"constant_value":["TCP"]},"source_addresses":{"constant_value":["10.1.0.0/24"]}},{"destination_addresses":{"constant_value":["10.2.2.20"]},"destination_ports":{"constant_value":["1433"]},"name":{"constant_value":"allow-sql-to-shared-database"},"protocols":{"constant_value":["TCP"]},"source_addresses":{"constant_value":["10.1.0.0/24"]}},{"destination_addresses":{"constant_value":["10.2.2.30"]},"destination_ports":{"constant_value":["6380"]},"name":{"constant_value":"allow-redis-to-cache"},"protocols":{"constant_value":["TCP"]},"source_addresses":{"constant_value":["10.1.0.0/24"]}},{"destination_addresses":{"constant_value":["10.2.3.10"]},"destination_ports":{"constant_value":["514"]},"name":{"constant_value":"allow-syslog-to-logging"},"protocols":{"constant_value":["UDP"]},"source_addresses":{"constant_value":["10.1.0.0/24"]}},{"destination_addresses":{"constant_value":["203.0.113.10"]},"destination_ports":{"constant_value":["3128"]},"name":{"constant_value":"allow-https-via-corporate-proxy"},"protocols":{"constant_value":["TCP"]},"source_addresses":{"constant_value":["10.1.0.0/24"]}}]},"schema_version":0},{"address":"azurerm_public_ip.firewall","mode":"managed","type":"azurerm_public_ip","name":"firewall","provider_config_key":"azurerm","expressions":{"allocation_method":{"constant_value":"Static"},"location":{"references":["azurerm_resource_group.demo.location","azurerm_resource_group.demo"]},"name":{"constant_value":"pip-firewall"},"resource_group_name":{"references":["azurerm_resource_group.demo.name","azurerm_resource_group.demo"]},"sku":{"constant_value":"Standard"}},"schema_version":0},{"address":"azurerm_resource_group.demo","mode":"managed","type":"azurerm_resource_group","name":"demo","provider_config_key":"azurerm","expressions":{"location":{"constant_value":"germanywestcentral"},"name":{"constant_value":"rg-firewall-demo"}},"schema_version":0},{"address":"azurerm_role_assignment.firewall_contributor_current","mode":"managed","type":"azurerm_role_assignment","name":"firewall_contributor_current","provider_config_key":"azurerm","expressions":{"principal_id":{"references":["data.azurerm_client_config.current.object_id","data.azurerm_client_config.current"]},"role_definition_name":{"constant_value":"Contributor"},"scope":{"references":["azurerm_firewall.demo.id","azurerm_firewall.demo"]}},"schema_version":0},{"address":"azurerm_subnet.firewall","mode":"managed","type":"azurerm_subnet","name":"firewall","provider_config_key":"azurerm","expressions":{"address_prefixes":{"constant_value":["10.1.0.0/24"]},"name":{"constant_value":"AzureFirewallSubnet"},"resource_group_name":{"references":["azurerm_resource_group.demo.name","azurerm_resource_group.demo"]},"virtual_network_name":{"references":["azurerm_virtual_network.demo.name","azurerm_virtual_network.demo"]}},"schema_version":0},{"address":"azurerm_virtual_network.demo","mode":"managed","type":"azurerm_virtual_network","name":"demo","provider_config_key":"azurerm","expressions":{"address_space":{"constant_value":["10.1.0.0/16"]},"location":{"references":["azurerm_resource_group.demo.location","azurerm_resource_group.demo"]},"name":{"constant_value":"vnet-demo"},"resource_group_name":{"references":["azurerm_resource_group.demo.name","azurerm_resource_group.demo"]}},"schema_version":0},{"address":"data.azurerm_client_config.current","mode":"data","type":"azurerm_client_config","name":"current","provider_config_key":"azurerm","schema_version":0}]}},"relevant_attributes":[{"resource":"data.azurerm_client_config.current","attribute":["object_id"]},{"resource":"azurerm_firewall.demo","attribute":["id"]},{"resource":"azurerm_firewall.demo","attribute":["name"]},{"resource":"azurerm_resource_group.demo","attribute":["name"]}],"timestamp":"2026-01-25T12:46:50Z","applyable":true,"complete":true,"errored":false}
