
Terraform used the selected providers to generate the following execution
plan. Resource actions are indicated with the following symbols:
  + create
  ~ update in-place
  - destroy
 <= read (data resources)

Terraform will perform the following actions:

  # data.azuredevops_project.example will be read during apply
  # (depends on a resource or a module with changes pending)
 <= data "azuredevops_project" "example" {
      + description         = (known after apply)
      + features            = (known after apply)
      + id                  = (known after apply)
      + process_template_id = (known after apply)
      + project_id          = "0f0b93a6-f450-49b2-ad52-fe3303c2f9aa"
      + version_control     = (known after apply)
      + visibility          = (known after apply)
      + work_item_template  = (known after apply)
    }

  # azuredevops_build_definition.example will be destroyed
  # (because azuredevops_build_definition.example is not in configuration)
  - resource "azuredevops_build_definition" "example" {
      - agent_pool_name         = "Azure Pipelines" -> null
      - id                      = "6" -> null
      - job_authorization_scope = "projectCollection" -> null
      - name                    = "example-pipeline" -> null
      - path                    = "\\Pipelines" -> null
      - project_id              = "0f0b93a6-f450-49b2-ad52-fe3303c2f9aa" -> null
      - queue_status            = "enabled" -> null
      - revision                = 1 -> null
      - variable_groups         = [
          - 1,
        ] -> null


      - ci_trigger {
          - use_yaml = true -> null
        }




      - repository {
          - branch_name = "refs/heads/master" -> null
          - repo_id = "80128bc2-17ff-45f8-ad59-d7609a605c75" -> null
          - repo_type = "TfsGit" -> null
          - report_build_status = true -> null
          - url = "https://dev.azure.com/oocx/example-project/_git/example-repo" -> null
          - yml_path = "azure-pipelines.yml" -> null
          # (2 unchanged attributes hidden)
        }


      - variable {
        # At least one attribute in this block is (or was) sensitive,
        # so its contents will not be displayed.
        }
      - variable {
        # At least one attribute in this block is (or was) sensitive,
        # so its contents will not be displayed.
        }
    }

  # azuredevops_build_definition.example2 will be created
  + resource "azuredevops_build_definition" "example2" {
      + agent_pool_name         = "Azure Pipelines"
      + id                      = (known after apply)
      + job_authorization_scope = "projectCollection"
      + name                    = "example-pipeline"
      + path                    = "\\Pipelines"
      + project_id              = "0f0b93a6-f450-49b2-ad52-fe3303c2f9aa"
      + queue_status            = "enabled"
      + revision                = (known after apply)
      + variable_groups         = [
        + 1
        ]


      + ci_trigger              {
          + use_yaml = true
        }




      + repository              {
          + branch_name           = "refs/heads/master"
          + repo_id               = "80128bc2-17ff-45f8-ad59-d7609a605c75"
          + repo_type             = "TfsGit"
          + report_build_status   = true
          + url                   = (known after apply)
          + yml_path              = "azure-pipelines.yml"
        }


      + variable                {
        # At least one attribute in this block is (or was) sensitive,
        # so its contents will not be displayed.
        }
      + variable                {
        # At least one attribute in this block is (or was) sensitive,
        # so its contents will not be displayed.
        }
    }

  # azuredevops_project.example will be updated in-place
  ~ resource "azuredevops_project" "example" {
      # (7 unchanged attributes hidden)
      ~ features = {
          ~ "boards" = "enabled" -> "disabled"
        # (4 unchanged elements hidden)
        }
    }

  # azuredevops_variable_group.example will be updated in-place
  ~ resource "azuredevops_variable_group" "example" {
      # (5 unchanged attributes hidden)
      - variable {
          - enabled = false -> null
          - name = "APP_VERSION" -> null
          - value = "1.0.0" -> null
          # (2 unchanged attributes hidden)
        }
      - variable {
          - enabled = false -> null
          - name = "ENVIRONMENT" -> null
          - value = "development" -> null
          # (2 unchanged attributes hidden)
        }
      + variable {
          + content_type = (known after apply)
          + enabled      = (known after apply)
          + expires      = (known after apply)
          + name         = "ENV"
          + value        = "Production"
        }
      + variable {
          + content_type = (known after apply)
          + enabled      = false
          + expires      = (known after apply)
          + name         = "APP_VERSION"
          + value        = "1.0.0"
        }
      # (1 unchanged block hidden)
    }

Plan: 1 to add, 2 to change, 1 to destroy.

Changes to Outputs:
  ~ pipeline_id = "6" -> (known after apply)
