{"format_version":"1.2","terraform_version":"1.14.2","variables":{"pipeline_name":{"value":"example-pipeline"},"project_description":{"value":"An example project created by Terraform for testing tfplan2md"},"project_name":{"value":"example-project"},"repository_name":{"value":"example-repo"},"variable_group_name":{"value":"example-variables"}},"planned_values":{"outputs":{"pipeline_id":{"sensitive":false},"project_id":{"sensitive":false,"type":"string","value":"0f0b93a6-f450-49b2-ad52-fe3303c2f9aa"},"project_name":{"sensitive":false,"type":"string","value":"example-project"},"repository_id":{"sensitive":false,"type":"string","value":"80128bc2-17ff-45f8-ad59-d7609a605c75"},"repository_url":{"sensitive":false,"type":"string","value":"https://oocx@dev.azure.com/oocx/example-project/_git/example-repo"},"variable_group_id":{"sensitive":false}},"root_module":{"resources":[{"address":"azuredevops_build_definition.example2","mode":"managed","type":"azuredevops_build_definition","name":"example2","provider_name":"registry.terraform.io/microsoft/azuredevops","schema_version":0,"values":{"agent_pool_name":"Azure Pipelines","agent_specification":null,"build_completion_trigger":[],"ci_trigger":[{"override":[],"use_yaml":true}],"features":[],"job_authorization_scope":"projectCollection","jobs":[],"name":"example-pipeline","path":"\\Pipelines","project_id":"0f0b93a6-f450-49b2-ad52-fe3303c2f9aa","pull_request_trigger":[],"queue_status":"enabled","repository":[{"branch_name":"refs/heads/master","github_enterprise_url":null,"repo_id":"80128bc2-17ff-45f8-ad59-d7609a605c75","repo_type":"TfsGit","report_build_status":true,"service_connection_id":null,"yml_path":"azure-pipelines.yml"}],"schedules":[],"timeouts":null,"variable":[{"allow_override":true,"is_secret":false,"name":"BUILD_CONFIGURATION","secret_value":"","value":"Release"},{"allow_override":true,"is_secret":false,"name":"BUILD_PLATFORM","secret_value":"","value":"Any CPU"}]},"sensitive_values":{"build_completion_trigger":[],"ci_trigger":[{"override":[]}],"features":[],"jobs":[],"pull_request_trigger":[],"repository":[{}],"schedules":[],"variable":true,"variable_groups":[]}},{"address":"azuredevops_git_repository.example","mode":"managed","type":"azuredevops_git_repository","name":"example","provider_name":"registry.terraform.io/microsoft/azuredevops","schema_version":0,"values":{"default_branch":"refs/heads/master","disabled":false,"id":"80128bc2-17ff-45f8-ad59-d7609a605c75","initialization":[{"init_type":"Clean","password":null,"service_connection_id":"","source_type":"","source_url":"","username":""}],"is_fork":false,"name":"example-repo","parent_repository_id":null,"project_id":"0f0b93a6-f450-49b2-ad52-fe3303c2f9aa","remote_url":"https://oocx@dev.azure.com/oocx/example-project/_git/example-repo","size":0,"ssh_url":"git@ssh.dev.azure.com:v3/oocx/example-project/example-repo","timeouts":null,"url":"https://dev.azure.com/oocx/0f0b93a6-f450-49b2-ad52-fe3303c2f9aa/_apis/git/repositories/80128bc2-17ff-45f8-ad59-d7609a605c75","web_url":"https://dev.azure.com/oocx/example-project/_git/example-repo"},"sensitive_values":{"initialization":[{}]}},{"address":"azuredevops_project.example","mode":"managed","type":"azuredevops_project","name":"example","provider_name":"registry.terraform.io/microsoft/azuredevops","schema_version":0,"values":{"description":"An example project created by Terraform for testing tfplan2md","features":{"artifacts":"disabled","boards":"disabled","pipelines":"enabled","repositories":"enabled","testplans":"disabled"},"id":"0f0b93a6-f450-49b2-ad52-fe3303c2f9aa","name":"example-project","process_template_id":"adcc42ab-9882-485e-a3ed-7678f01f66bc","timeouts":null,"version_control":"Git","visibility":"private","work_item_template":"Agile"},"sensitive_values":{"features":{}}},{"address":"azuredevops_project.example2","mode":"managed","type":"azuredevops_project","name":"example2","provider_name":"registry.terraform.io/microsoft/azuredevops","schema_version":0,"values":{"description":"An example project created by Terraform for testing tfplan2md","features":{"artifacts":"disabled","boards":"disabled","pipelines":"enabled","repositories":"enabled","testplans":"disabled"},"name":"example-project","timeouts":null,"version_control":"Git","visibility":"private","work_item_template":"Agile"},"sensitive_values":{"features":{}}},{"address":"azuredevops_variable_group.example","mode":"managed","type":"azuredevops_variable_group","name":"example","provider_name":"registry.terraform.io/microsoft/azuredevops","schema_version":0,"values":{"allow_access":true,"description":"Variable group for example pipeline","key_vault":[],"name":"example-variables","secret_variable":[{"name":"SECRET_KEY","value":"supersecret"}],"timeouts":null,"variable":[{"name":"APP_VERSION","value":"1.0.0"},{"name":"ENV","value":"Production"}]},"sensitive_values":{"key_vault":[],"secret_variable":[{}],"variable":[{},{}]}},{"address":"data.azuredevops_project.example","mode":"data","type":"azuredevops_project","name":"example","provider_name":"registry.terraform.io/microsoft/azuredevops","schema_version":0,"values":{"name":null,"project_id":"0f0b93a6-f450-49b2-ad52-fe3303c2f9aa","timeouts":null},"sensitive_values":{"features":{}}}]}},"resource_changes":[{"address":"data.azuredevops_project.example","mode":"data","type":"azuredevops_project","name":"example","provider_name":"registry.terraform.io/microsoft/azuredevops","change":{"actions":["read"],"before":null,"after":{"name":null,"project_id":"0f0b93a6-f450-49b2-ad52-fe3303c2f9aa","timeouts":null},"after_unknown":{"description":true,"features":true,"id":true,"process_template_id":true,"version_control":true,"visibility":true,"work_item_template":true},"before_sensitive":false,"after_sensitive":{"features":{}}},"action_reason":"read_because_dependency_pending"},{"address":"azuredevops_build_definition.example","mode":"managed","type":"azuredevops_build_definition","name":"example","provider_name":"registry.terraform.io/microsoft/azuredevops","change":{"actions":["delete"],"before":{"agent_pool_name":"Azure Pipelines","agent_specification":null,"build_completion_trigger":[],"ci_trigger":[{"override":[],"use_yaml":true}],"features":[],"id":"6","job_authorization_scope":"projectCollection","jobs":[],"name":"example-pipeline","path":"\\Pipelines","project_id":"0f0b93a6-f450-49b2-ad52-fe3303c2f9aa","pull_request_trigger":[],"queue_status":"enabled","repository":[{"branch_name":"refs/heads/master","github_enterprise_url":"","repo_id":"80128bc2-17ff-45f8-ad59-d7609a605c75","repo_type":"TfsGit","report_build_status":true,"service_connection_id":"","url":"https://dev.azure.com/oocx/example-project/_git/example-repo","yml_path":"azure-pipelines.yml"}],"revision":1,"schedules":[],"timeouts":null,"variable":[{"allow_override":true,"is_secret":false,"name":"BUILD_CONFIGURATION","secret_value":"","value":"Release"},{"allow_override":true,"is_secret":false,"name":"BUILD_PLATFORM","secret_value":"","value":"Any CPU"}],"variable_groups":[1]},"after":null,"after_unknown":{},"before_sensitive":{"build_completion_trigger":[],"ci_trigger":[{"override":[]}],"features":[],"jobs":[],"pull_request_trigger":[],"repository":[{}],"schedules":[],"variable":true,"variable_groups":[false]},"after_sensitive":false},"action_reason":"delete_because_no_resource_config"},{"address":"azuredevops_build_definition.example2","mode":"managed","type":"azuredevops_build_definition","name":"example2","provider_name":"registry.terraform.io/microsoft/azuredevops","change":{"actions":["create"],"before":null,"after":{"agent_pool_name":"Azure Pipelines","agent_specification":null,"build_completion_trigger":[],"ci_trigger":[{"override":[],"use_yaml":true}],"features":[],"job_authorization_scope":"projectCollection","jobs":[],"name":"example-pipeline","path":"\\Pipelines","project_id":"0f0b93a6-f450-49b2-ad52-fe3303c2f9aa","pull_request_trigger":[],"queue_status":"enabled","repository":[{"branch_name":"refs/heads/master","github_enterprise_url":null,"repo_id":"80128bc2-17ff-45f8-ad59-d7609a605c75","repo_type":"TfsGit","report_build_status":true,"service_connection_id":null,"yml_path":"azure-pipelines.yml"}],"schedules":[],"timeouts":null,"variable":[{"allow_override":true,"is_secret":false,"name":"BUILD_CONFIGURATION","secret_value":"","value":"Release"},{"allow_override":true,"is_secret":false,"name":"BUILD_PLATFORM","secret_value":"","value":"Any CPU"}]},"after_unknown":{"build_completion_trigger":[],"ci_trigger":[{"override":[]}],"features":[],"id":true,"jobs":[],"pull_request_trigger":[],"repository":[{"url":true}],"revision":true,"schedules":[],"variable":[{},{}],"variable_groups":true},"before_sensitive":false,"after_sensitive":{"build_completion_trigger":[],"ci_trigger":[{"override":[]}],"features":[],"jobs":[],"pull_request_trigger":[],"repository":[{}],"schedules":[],"variable":true,"variable_groups":[]}}},{"address":"azuredevops_git_repository.example","mode":"managed","type":"azuredevops_git_repository","name":"example","provider_name":"registry.terraform.io/microsoft/azuredevops","change":{"actions":["no-op"],"before":{"default_branch":"refs/heads/master","disabled":false,"id":"80128bc2-17ff-45f8-ad59-d7609a605c75","initialization":[{"init_type":"Clean","password":null,"service_connection_id":"","source_type":"","source_url":"","username":""}],"is_fork":false,"name":"example-repo","parent_repository_id":null,"project_id":"0f0b93a6-f450-49b2-ad52-fe3303c2f9aa","remote_url":"https://oocx@dev.azure.com/oocx/example-project/_git/example-repo","size":0,"ssh_url":"git@ssh.dev.azure.com:v3/oocx/example-project/example-repo","timeouts":null,"url":"https://dev.azure.com/oocx/0f0b93a6-f450-49b2-ad52-fe3303c2f9aa/_apis/git/repositories/80128bc2-17ff-45f8-ad59-d7609a605c75","web_url":"https://dev.azure.com/oocx/example-project/_git/example-repo"},"after":{"default_branch":"refs/heads/master","disabled":false,"id":"80128bc2-17ff-45f8-ad59-d7609a605c75","initialization":[{"init_type":"Clean","password":null,"service_connection_id":"","source_type":"","source_url":"","username":""}],"is_fork":false,"name":"example-repo","parent_repository_id":null,"project_id":"0f0b93a6-f450-49b2-ad52-fe3303c2f9aa","remote_url":"https://oocx@dev.azure.com/oocx/example-project/_git/example-repo","size":0,"ssh_url":"git@ssh.dev.azure.com:v3/oocx/example-project/example-repo","timeouts":null,"url":"https://dev.azure.com/oocx/0f0b93a6-f450-49b2-ad52-fe3303c2f9aa/_apis/git/repositories/80128bc2-17ff-45f8-ad59-d7609a605c75","web_url":"https://dev.azure.com/oocx/example-project/_git/example-repo"},"after_unknown":{},"before_sensitive":{"initialization":[{}]},"after_sensitive":{"initialization":[{}]}}},{"address":"azuredevops_project.example","mode":"managed","type":"azuredevops_project","name":"example","provider_name":"registry.terraform.io/microsoft/azuredevops","change":{"actions":["update"],"before":{"description":"An example project created by Terraform for testing tfplan2md","features":{"artifacts":"disabled","boards":"enabled","pipelines":"enabled","repositories":"enabled","testplans":"disabled"},"id":"0f0b93a6-f450-49b2-ad52-fe3303c2f9aa","name":"example-project","process_template_id":"adcc42ab-9882-485e-a3ed-7678f01f66bc","timeouts":null,"version_control":"Git","visibility":"private","work_item_template":"Agile"},"after":{"description":"An example project created by Terraform for testing tfplan2md","features":{"artifacts":"disabled","boards":"disabled","pipelines":"enabled","repositories":"enabled","testplans":"disabled"},"id":"0f0b93a6-f450-49b2-ad52-fe3303c2f9aa","name":"example-project","process_template_id":"adcc42ab-9882-485e-a3ed-7678f01f66bc","timeouts":null,"version_control":"Git","visibility":"private","work_item_template":"Agile"},"after_unknown":{},"before_sensitive":{"features":{}},"after_sensitive":{"features":{}}}},{"address":"azuredevops_project.example2","mode":"managed","type":"azuredevops_project","name":"example2","provider_name":"registry.terraform.io/microsoft/azuredevops","change":{"actions":["create"],"before":null,"after":{"description":"An example project created by Terraform for testing tfplan2md","features":{"artifacts":"disabled","boards":"disabled","pipelines":"enabled","repositories":"enabled","testplans":"disabled"},"name":"example-project","timeouts":null,"version_control":"Git","visibility":"private","work_item_template":"Agile"},"after_unknown":{"features":{},"id":true,"process_template_id":true},"before_sensitive":false,"after_sensitive":{"features":{}}}},{"address":"azuredevops_variable_group.example","mode":"managed","type":"azuredevops_variable_group","name":"example","provider_name":"registry.terraform.io/microsoft/azuredevops","change":{"actions":["delete","create"],"before":{"allow_access":true,"description":"Variable group for example pipeline","id":"1","key_vault":[],"name":"example-variables","project_id":"0f0b93a6-f450-49b2-ad52-fe3303c2f9aa","secret_variable":[{"content_type":"","enabled":false,"expires":"","name":"SECRET_KEY","value":"supersecret"}],"timeouts":null,"variable":[{"content_type":"","enabled":false,"expires":"","name":"APP_VERSION","value":"1.0.0"},{"content_type":"","enabled":false,"expires":"","name":"ENVIRONMENT","value":"development"}]},"after":{"allow_access":true,"description":"Variable group for example pipeline","key_vault":[],"name":"example-variables","secret_variable":[{"name":"SECRET_KEY","value":"supersecret"}],"timeouts":null,"variable":[{"name":"APP_VERSION","value":"1.0.0"},{"name":"ENV","value":"Production"}]},"after_unknown":{"id":true,"key_vault":[],"project_id":true,"secret_variable":[{"content_type":true,"enabled":true,"expires":true}],"variable":[{"content_type":true,"enabled":true,"expires":true},{"content_type":true,"enabled":true,"expires":true}]},"before_sensitive":{"key_vault":[],"secret_variable":true,"variable":[{},{}]},"after_sensitive":{"key_vault":[],"secret_variable":true,"variable":[{},{}]},"replace_paths":[["project_id"]]},"action_reason":"replace_because_cannot_update"}],"output_changes":{"pipeline_id":{"actions":["update"],"before":"6","after_unknown":true,"before_sensitive":false,"after_sensitive":false},"project_id":{"actions":["no-op"],"before":"0f0b93a6-f450-49b2-ad52-fe3303c2f9aa","after":"0f0b93a6-f450-49b2-ad52-fe3303c2f9aa","after_unknown":false,"before_sensitive":false,"after_sensitive":false},"project_name":{"actions":["no-op"],"before":"example-project","after":"example-project","after_unknown":false,"before_sensitive":false,"after_sensitive":false},"repository_id":{"actions":["no-op"],"before":"80128bc2-17ff-45f8-ad59-d7609a605c75","after":"80128bc2-17ff-45f8-ad59-d7609a605c75","after_unknown":false,"before_sensitive":false,"after_sensitive":false},"repository_url":{"actions":["no-op"],"before":"https://oocx@dev.azure.com/oocx/example-project/_git/example-repo","after":"https://oocx@dev.azure.com/oocx/example-project/_git/example-repo","after_unknown":false,"before_sensitive":false,"after_sensitive":false},"variable_group_id":{"actions":["update"],"before":"1","after_unknown":true,"before_sensitive":false,"after_sensitive":false}},"prior_state":{"format_version":"1.0","terraform_version":"1.14.2","values":{"outputs":{"pipeline_id":{"sensitive":false,"value":"6","type":"string"},"project_id":{"sensitive":false,"value":"0f0b93a6-f450-49b2-ad52-fe3303c2f9aa","type":"string"},"project_name":{"sensitive":false,"value":"example-project","type":"string"},"repository_id":{"sensitive":false,"value":"80128bc2-17ff-45f8-ad59-d7609a605c75","type":"string"},"repository_url":{"sensitive":false,"value":"https://oocx@dev.azure.com/oocx/example-project/_git/example-repo","type":"string"},"variable_group_id":{"sensitive":false,"value":"1","type":"string"}},"root_module":{"resources":[{"address":"azuredevops_build_definition.example","mode":"managed","type":"azuredevops_build_definition","name":"example","provider_name":"registry.terraform.io/microsoft/azuredevops","schema_version":0,"values":{"agent_pool_name":"Azure Pipelines","agent_specification":null,"build_completion_trigger":[],"ci_trigger":[{"override":[],"use_yaml":true}],"features":[],"id":"6","job_authorization_scope":"projectCollection","jobs":[],"name":"example-pipeline","path":"\\Pipelines","project_id":"0f0b93a6-f450-49b2-ad52-fe3303c2f9aa","pull_request_trigger":[],"queue_status":"enabled","repository":[{"branch_name":"refs/heads/master","github_enterprise_url":"","repo_id":"80128bc2-17ff-45f8-ad59-d7609a605c75","repo_type":"TfsGit","report_build_status":true,"service_connection_id":"","url":"https://dev.azure.com/oocx/example-project/_git/example-repo","yml_path":"azure-pipelines.yml"}],"revision":1,"schedules":[],"timeouts":null,"variable":[{"allow_override":true,"is_secret":false,"name":"BUILD_CONFIGURATION","secret_value":"","value":"Release"},{"allow_override":true,"is_secret":false,"name":"BUILD_PLATFORM","secret_value":"","value":"Any CPU"}],"variable_groups":[1]},"sensitive_values":{"build_completion_trigger":[],"ci_trigger":[{"override":[]}],"features":[],"jobs":[],"pull_request_trigger":[],"repository":[{}],"schedules":[],"variable":true,"variable_groups":[false]},"depends_on":["azuredevops_git_repository.example","azuredevops_project.example","azuredevops_variable_group.example"]},{"address":"azuredevops_git_repository.example","mode":"managed","type":"azuredevops_git_repository","name":"example","provider_name":"registry.terraform.io/microsoft/azuredevops","schema_version":0,"values":{"default_branch":"refs/heads/master","disabled":false,"id":"80128bc2-17ff-45f8-ad59-d7609a605c75","initialization":[{"init_type":"Clean","password":null,"service_connection_id":"","source_type":"","source_url":"","username":""}],"is_fork":false,"name":"example-repo","parent_repository_id":null,"project_id":"0f0b93a6-f450-49b2-ad52-fe3303c2f9aa","remote_url":"https://oocx@dev.azure.com/oocx/example-project/_git/example-repo","size":0,"ssh_url":"git@ssh.dev.azure.com:v3/oocx/example-project/example-repo","timeouts":null,"url":"https://dev.azure.com/oocx/0f0b93a6-f450-49b2-ad52-fe3303c2f9aa/_apis/git/repositories/80128bc2-17ff-45f8-ad59-d7609a605c75","web_url":"https://dev.azure.com/oocx/example-project/_git/example-repo"},"sensitive_values":{"initialization":[{}]},"depends_on":["azuredevops_project.example"]},{"address":"azuredevops_project.example","mode":"managed","type":"azuredevops_project","name":"example","provider_name":"registry.terraform.io/microsoft/azuredevops","schema_version":0,"values":{"description":"An example project created by Terraform for testing tfplan2md","features":{"artifacts":"disabled","boards":"enabled","pipelines":"enabled","repositories":"enabled","testplans":"disabled"},"id":"0f0b93a6-f450-49b2-ad52-fe3303c2f9aa","name":"example-project","process_template_id":"adcc42ab-9882-485e-a3ed-7678f01f66bc","timeouts":null,"version_control":"Git","visibility":"private","work_item_template":"Agile"},"sensitive_values":{"features":{}}},{"address":"azuredevops_variable_group.example","mode":"managed","type":"azuredevops_variable_group","name":"example","provider_name":"registry.terraform.io/microsoft/azuredevops","schema_version":0,"values":{"allow_access":true,"description":"Variable group for example pipeline","id":"1","key_vault":[],"name":"example-variables","project_id":"0f0b93a6-f450-49b2-ad52-fe3303c2f9aa","secret_variable":[{"content_type":"","enabled":false,"expires":"","name":"SECRET_KEY","value":"supersecret"}],"timeouts":null,"variable":[{"content_type":"","enabled":false,"expires":"","name":"APP_VERSION","value":"1.0.0"},{"content_type":"","enabled":false,"expires":"","name":"ENVIRONMENT","value":"development"}]},"sensitive_values":{"key_vault":[],"secret_variable":true,"variable":[{},{}]},"depends_on":["azuredevops_project.example","azuredevops_project.example2"]}]}}},"configuration":{"provider_config":{"azuredevops":{"name":"azuredevops","full_name":"registry.terraform.io/microsoft/azuredevops","version_constraint":"~\u003e 1.0"}},"root_module":{"outputs":{"pipeline_id":{"expression":{"references":["azuredevops_build_definition.example2.id","azuredevops_build_definition.example2"]},"description":"The ID of the created build pipeline"},"project_id":{"expression":{"references":["azuredevops_project.example.id","azuredevops_project.example"]},"description":"The ID of the created Azure DevOps project"},"project_name":{"expression":{"references":["azuredevops_project.example.name","azuredevops_project.example"]},"description":"The name of the created Azure DevOps project"},"repository_id":{"expression":{"references":["azuredevops_git_repository.example.id","azuredevops_git_repository.example"]},"description":"The ID of the created Git repository"},"repository_url":{"expression":{"references":["azuredevops_git_repository.example.remote_url","azuredevops_git_repository.example"]},"description":"The HTTPS URL of the created Git repository"},"variable_group_id":{"expression":{"references":["azuredevops_variable_group.example.id","azuredevops_variable_group.example"]},"description":"The ID of the created variable group"}},"resources":[{"address":"azuredevops_build_definition.example2","mode":"managed","type":"azuredevops_build_definition","name":"example2","provider_config_key":"azuredevops","expressions":{"ci_trigger":[{"use_yaml":{"constant_value":true}}],"name":{"references":["var.pipeline_name"]},"path":{"constant_value":"\\Pipelines"},"project_id":{"references":["azuredevops_project.example.id","azuredevops_project.example"]},"repository":[{"branch_name":{"references":["azuredevops_git_repository.example.default_branch","azuredevops_git_repository.example"]},"repo_id":{"references":["azuredevops_git_repository.example.id","azuredevops_git_repository.example"]},"repo_type":{"constant_value":"TfsGit"},"yml_path":{"constant_value":"azure-pipelines.yml"}}],"variable":[{"name":{"constant_value":"BUILD_CONFIGURATION"},"value":{"constant_value":"Release"}},{"name":{"constant_value":"BUILD_PLATFORM"},"value":{"constant_value":"Any CPU"}}],"variable_groups":{"references":["azuredevops_variable_group.example.id","azuredevops_variable_group.example"]}},"schema_version":0},{"address":"azuredevops_git_repository.example","mode":"managed","type":"azuredevops_git_repository","name":"example","provider_config_key":"azuredevops","expressions":{"initialization":[{"init_type":{"constant_value":"Clean"}}],"name":{"references":["var.repository_name"]},"project_id":{"references":["azuredevops_project.example.id","azuredevops_project.example"]}},"schema_version":0},{"address":"azuredevops_project.example","mode":"managed","type":"azuredevops_project","name":"example","provider_config_key":"azuredevops","expressions":{"description":{"references":["var.project_description"]},"features":{"constant_value":{"artifacts":"disabled","boards":"disabled","pipelines":"enabled","repositories":"enabled","testplans":"disabled"}},"name":{"references":["var.project_name"]},"version_control":{"constant_value":"Git"},"visibility":{"constant_value":"private"},"work_item_template":{"constant_value":"Agile"}},"schema_version":0},{"address":"azuredevops_project.example2","mode":"managed","type":"azuredevops_project","name":"example2","provider_config_key":"azuredevops","expressions":{"description":{"references":["var.project_description"]},"features":{"constant_value":{"artifacts":"disabled","boards":"disabled","pipelines":"enabled","repositories":"enabled","testplans":"disabled"}},"name":{"references":["var.project_name"]},"version_control":{"constant_value":"Git"},"visibility":{"constant_value":"private"},"work_item_template":{"constant_value":"Agile"}},"schema_version":0},{"address":"azuredevops_variable_group.example","mode":"managed","type":"azuredevops_variable_group","name":"example","provider_config_key":"azuredevops","expressions":{"allow_access":{"constant_value":true},"description":{"constant_value":"Variable group for example pipeline"},"name":{"references":["var.variable_group_name"]},"project_id":{"references":["azuredevops_project.example2.id","azuredevops_project.example2"]},"secret_variable":[{"name":{"constant_value":"SECRET_KEY"},"value":{"constant_value":"supersecret"}}],"variable":[{"name":{"constant_value":"APP_VERSION"},"value":{"constant_value":"1.0.0"}},{"name":{"constant_value":"ENV"},"value":{"constant_value":"Production"}}]},"schema_version":0},{"address":"data.azuredevops_project.example","mode":"data","type":"azuredevops_project","name":"example","provider_config_key":"azuredevops","expressions":{"project_id":{"references":["azuredevops_project.example.id","azuredevops_project.example"]}},"schema_version":0}],"variables":{"pipeline_name":{"default":"example-pipeline","description":"The name of the build pipeline"},"project_description":{"default":"An example project created by Terraform for testing tfplan2md","description":"The description of the Azure DevOps project"},"project_name":{"default":"example-project","description":"The name of the Azure DevOps project"},"repository_name":{"default":"example-repo","description":"The name of the Git repository"},"variable_group_name":{"default":"example-variables","description":"The name of the variable group"}}}},"relevant_attributes":[{"resource":"azuredevops_project.example","attribute":["id"]},{"resource":"azuredevops_project.example2","attribute":["id"]},{"resource":"azuredevops_git_repository.example","attribute":["default_branch"]},{"resource":"azuredevops_variable_group.example","attribute":["id"]},{"resource":"azuredevops_build_definition.example2","attribute":["id"]},{"resource":"azuredevops_git_repository.example","attribute":["id"]}],"timestamp":"2026-01-05T17:42:51Z","applyable":true,"complete":true,"errored":false}
